// !$*UTF8*$!
{
	archiveVersion = 1;
	classes = {
	};
	objectVersion = 46;
	objects = {

/* Begin PBXBuildFile section */
		4C4B05EE167F657B00BE65B8 /* Foundation.framework in Frameworks */ = {isa = PBXBuildFile; fileRef = 4C4B05ED167F657B00BE65B8 /* Foundation.framework */; };
		4C4B06A4167F65E900BE65B8 /* aasincos.c in Sources */ = {isa = PBXBuildFile; fileRef = 4C4B05FE167F65E700BE65B8 /* aasincos.c */; };
		4C4B06A5167F65E900BE65B8 /* adjlon.c in Sources */ = {isa = PBXBuildFile; fileRef = 4C4B05FF167F65E700BE65B8 /* adjlon.c */; };
		4C4B06A6167F65E900BE65B8 /* bch2bps.c in Sources */ = {isa = PBXBuildFile; fileRef = 4C4B0600167F65E700BE65B8 /* bch2bps.c */; };
		4C4B06A7167F65E900BE65B8 /* bchgen.c in Sources */ = {isa = PBXBuildFile; fileRef = 4C4B0601167F65E700BE65B8 /* bchgen.c */; };
		4C4B06A8167F65E900BE65B8 /* biveval.c in Sources */ = {isa = PBXBuildFile; fileRef = 4C4B0602167F65E700BE65B8 /* biveval.c */; };
		4C4B06A9167F65E900BE65B8 /* cs2cs.c in Sources */ = {isa = PBXBuildFile; fileRef = 4C4B0603167F65E700BE65B8 /* cs2cs.c */; };
		4C4B06AA167F65E900BE65B8 /* dmstor.c in Sources */ = {isa = PBXBuildFile; fileRef = 4C4B0604167F65E700BE65B8 /* dmstor.c */; };
		4C4B06AB167F65E900BE65B8 /* emess.c in Sources */ = {isa = PBXBuildFile; fileRef = 4C4B0605167F65E700BE65B8 /* emess.c */; };
		4C4B06AC167F65E900BE65B8 /* gen_cheb.c in Sources */ = {isa = PBXBuildFile; fileRef = 4C4B0607167F65E700BE65B8 /* gen_cheb.c */; };
		4C4B06AD167F65E900BE65B8 /* geocent.c in Sources */ = {isa = PBXBuildFile; fileRef = 4C4B0608167F65E700BE65B8 /* geocent.c */; };
		4C4B06AE167F65E900BE65B8 /* geod_for.c in Sources */ = {isa = PBXBuildFile; fileRef = 4C4B060A167F65E700BE65B8 /* geod_for.c */; };
		4C4B06AF167F65E900BE65B8 /* geod_inv.c in Sources */ = {isa = PBXBuildFile; fileRef = 4C4B060B167F65E700BE65B8 /* geod_inv.c */; };
		4C4B06B0167F65E900BE65B8 /* geod_set.c in Sources */ = {isa = PBXBuildFile; fileRef = 4C4B060C167F65E700BE65B8 /* geod_set.c */; };
		4C4B06B1167F65E900BE65B8 /* geod.c in Sources */ = {isa = PBXBuildFile; fileRef = 4C4B060D167F65E700BE65B8 /* geod.c */; };
		4C4B06B2167F65E900BE65B8 /* jniproj.c in Sources */ = {isa = PBXBuildFile; fileRef = 4C4B060F167F65E700BE65B8 /* jniproj.c */; };
		4C4B06B3167F65E900BE65B8 /* mk_cheby.c in Sources */ = {isa = PBXBuildFile; fileRef = 4C4B0610167F65E700BE65B8 /* mk_cheby.c */; };
		4C4B06B4167F65E900BE65B8 /* multistresstest.c in Sources */ = {isa = PBXBuildFile; fileRef = 4C4B0611167F65E700BE65B8 /* multistresstest.c */; };
		4C4B06B5167F65E900BE65B8 /* nad_cvt.c in Sources */ = {isa = PBXBuildFile; fileRef = 4C4B0612167F65E700BE65B8 /* nad_cvt.c */; };
		4C4B06B6167F65E900BE65B8 /* nad_init.c in Sources */ = {isa = PBXBuildFile; fileRef = 4C4B0613167F65E700BE65B8 /* nad_init.c */; };
		4C4B06B7167F65E900BE65B8 /* nad_intr.c in Sources */ = {isa = PBXBuildFile; fileRef = 4C4B0614167F65E700BE65B8 /* nad_intr.c */; };
		4C4B06B8167F65E900BE65B8 /* nad2bin.c in Sources */ = {isa = PBXBuildFile; fileRef = 4C4B0615167F65E700BE65B8 /* nad2bin.c */; };
		4C4B06B9167F65E900BE65B8 /* p_series.c in Sources */ = {isa = PBXBuildFile; fileRef = 4C4B0617167F65E700BE65B8 /* p_series.c */; };
		4C4B06BA167F65E900BE65B8 /* PJ_aea.c in Sources */ = {isa = PBXBuildFile; fileRef = 4C4B0618167F65E700BE65B8 /* PJ_aea.c */; };
		4C4B06BB167F65E900BE65B8 /* PJ_aeqd.c in Sources */ = {isa = PBXBuildFile; fileRef = 4C4B0619167F65E700BE65B8 /* PJ_aeqd.c */; };
		4C4B06BC167F65E900BE65B8 /* PJ_airy.c in Sources */ = {isa = PBXBuildFile; fileRef = 4C4B061A167F65E700BE65B8 /* PJ_airy.c */; };
		4C4B06BD167F65E900BE65B8 /* PJ_aitoff.c in Sources */ = {isa = PBXBuildFile; fileRef = 4C4B061B167F65E700BE65B8 /* PJ_aitoff.c */; };
		4C4B06BE167F65E900BE65B8 /* pj_apply_gridshift.c in Sources */ = {isa = PBXBuildFile; fileRef = 4C4B061C167F65E700BE65B8 /* pj_apply_gridshift.c */; };
		4C4B06BF167F65E900BE65B8 /* pj_apply_vgridshift.c in Sources */ = {isa = PBXBuildFile; fileRef = 4C4B061D167F65E700BE65B8 /* pj_apply_vgridshift.c */; };
		4C4B06C0167F65E900BE65B8 /* PJ_august.c in Sources */ = {isa = PBXBuildFile; fileRef = 4C4B061E167F65E700BE65B8 /* PJ_august.c */; };
		4C4B06C1167F65E900BE65B8 /* pj_auth.c in Sources */ = {isa = PBXBuildFile; fileRef = 4C4B061F167F65E700BE65B8 /* pj_auth.c */; };
		4C4B06C2167F65E900BE65B8 /* PJ_bacon.c in Sources */ = {isa = PBXBuildFile; fileRef = 4C4B0620167F65E700BE65B8 /* PJ_bacon.c */; };
		4C4B06C3167F65E900BE65B8 /* PJ_bipc.c in Sources */ = {isa = PBXBuildFile; fileRef = 4C4B0621167F65E700BE65B8 /* PJ_bipc.c */; };
		4C4B06C4167F65E900BE65B8 /* PJ_boggs.c in Sources */ = {isa = PBXBuildFile; fileRef = 4C4B0622167F65E700BE65B8 /* PJ_boggs.c */; };
		4C4B06C5167F65E900BE65B8 /* PJ_bonne.c in Sources */ = {isa = PBXBuildFile; fileRef = 4C4B0623167F65E700BE65B8 /* PJ_bonne.c */; };
		4C4B06C6167F65E900BE65B8 /* PJ_cass.c in Sources */ = {isa = PBXBuildFile; fileRef = 4C4B0624167F65E700BE65B8 /* PJ_cass.c */; };
		4C4B06C7167F65E900BE65B8 /* PJ_cc.c in Sources */ = {isa = PBXBuildFile; fileRef = 4C4B0625167F65E700BE65B8 /* PJ_cc.c */; };
		4C4B06C8167F65E900BE65B8 /* PJ_cea.c in Sources */ = {isa = PBXBuildFile; fileRef = 4C4B0626167F65E700BE65B8 /* PJ_cea.c */; };
		4C4B06C9167F65E900BE65B8 /* PJ_chamb.c in Sources */ = {isa = PBXBuildFile; fileRef = 4C4B0627167F65E700BE65B8 /* PJ_chamb.c */; };
		4C4B06CA167F65E900BE65B8 /* PJ_collg.c in Sources */ = {isa = PBXBuildFile; fileRef = 4C4B0628167F65E800BE65B8 /* PJ_collg.c */; };
		4C4B06CB167F65E900BE65B8 /* PJ_crast.c in Sources */ = {isa = PBXBuildFile; fileRef = 4C4B0629167F65E800BE65B8 /* PJ_crast.c */; };
		4C4B06CC167F65E900BE65B8 /* pj_ctx.c in Sources */ = {isa = PBXBuildFile; fileRef = 4C4B062A167F65E800BE65B8 /* pj_ctx.c */; };
		4C4B06CD167F65E900BE65B8 /* pj_datum_set.c in Sources */ = {isa = PBXBuildFile; fileRef = 4C4B062B167F65E800BE65B8 /* pj_datum_set.c */; };
		4C4B06CE167F65E900BE65B8 /* pj_datums.c in Sources */ = {isa = PBXBuildFile; fileRef = 4C4B062C167F65E800BE65B8 /* pj_datums.c */; };
		4C4B06CF167F65E900BE65B8 /* PJ_denoy.c in Sources */ = {isa = PBXBuildFile; fileRef = 4C4B062D167F65E800BE65B8 /* PJ_denoy.c */; };
		4C4B06D0167F65E900BE65B8 /* pj_deriv.c in Sources */ = {isa = PBXBuildFile; fileRef = 4C4B062E167F65E800BE65B8 /* pj_deriv.c */; };
		4C4B06D1167F65E900BE65B8 /* PJ_eck1.c in Sources */ = {isa = PBXBuildFile; fileRef = 4C4B062F167F65E800BE65B8 /* PJ_eck1.c */; };
		4C4B06D2167F65E900BE65B8 /* PJ_eck2.c in Sources */ = {isa = PBXBuildFile; fileRef = 4C4B0630167F65E800BE65B8 /* PJ_eck2.c */; };
		4C4B06D3167F65E900BE65B8 /* PJ_eck3.c in Sources */ = {isa = PBXBuildFile; fileRef = 4C4B0631167F65E800BE65B8 /* PJ_eck3.c */; };
		4C4B06D4167F65E900BE65B8 /* PJ_eck4.c in Sources */ = {isa = PBXBuildFile; fileRef = 4C4B0632167F65E800BE65B8 /* PJ_eck4.c */; };
		4C4B06D5167F65E900BE65B8 /* PJ_eck5.c in Sources */ = {isa = PBXBuildFile; fileRef = 4C4B0633167F65E800BE65B8 /* PJ_eck5.c */; };
		4C4B06D6167F65E900BE65B8 /* pj_ell_set.c in Sources */ = {isa = PBXBuildFile; fileRef = 4C4B0634167F65E800BE65B8 /* pj_ell_set.c */; };
		4C4B06D7167F65E900BE65B8 /* pj_ellps.c in Sources */ = {isa = PBXBuildFile; fileRef = 4C4B0635167F65E800BE65B8 /* pj_ellps.c */; };
		4C4B06D8167F65E900BE65B8 /* PJ_eqc.c in Sources */ = {isa = PBXBuildFile; fileRef = 4C4B0636167F65E800BE65B8 /* PJ_eqc.c */; };
		4C4B06D9167F65E900BE65B8 /* PJ_eqdc.c in Sources */ = {isa = PBXBuildFile; fileRef = 4C4B0637167F65E800BE65B8 /* PJ_eqdc.c */; };
		4C4B06DA167F65E900BE65B8 /* pj_errno.c in Sources */ = {isa = PBXBuildFile; fileRef = 4C4B0638167F65E800BE65B8 /* pj_errno.c */; };
		4C4B06DB167F65E900BE65B8 /* pj_factors.c in Sources */ = {isa = PBXBuildFile; fileRef = 4C4B0639167F65E800BE65B8 /* pj_factors.c */; };
		4C4B06DC167F65E900BE65B8 /* PJ_fahey.c in Sources */ = {isa = PBXBuildFile; fileRef = 4C4B063A167F65E800BE65B8 /* PJ_fahey.c */; };
		4C4B06DD167F65E900BE65B8 /* PJ_fouc_s.c in Sources */ = {isa = PBXBuildFile; fileRef = 4C4B063B167F65E800BE65B8 /* PJ_fouc_s.c */; };
		4C4B06DE167F65E900BE65B8 /* pj_fwd.c in Sources */ = {isa = PBXBuildFile; fileRef = 4C4B063C167F65E800BE65B8 /* pj_fwd.c */; };
		4C4B06DF167F65E900BE65B8 /* PJ_gall.c in Sources */ = {isa = PBXBuildFile; fileRef = 4C4B063D167F65E800BE65B8 /* PJ_gall.c */; };
		4C4B06E0167F65E900BE65B8 /* pj_gauss.c in Sources */ = {isa = PBXBuildFile; fileRef = 4C4B063E167F65E800BE65B8 /* pj_gauss.c */; };
		4C4B06E1167F65E900BE65B8 /* pj_geocent.c in Sources */ = {isa = PBXBuildFile; fileRef = 4C4B063F167F65E800BE65B8 /* pj_geocent.c */; };
		4C4B06E2167F65E900BE65B8 /* PJ_geos.c in Sources */ = {isa = PBXBuildFile; fileRef = 4C4B0640167F65E800BE65B8 /* PJ_geos.c */; };
		4C4B06E3167F65E900BE65B8 /* PJ_gins8.c in Sources */ = {isa = PBXBuildFile; fileRef = 4C4B0641167F65E800BE65B8 /* PJ_gins8.c */; };
		4C4B06E4167F65E900BE65B8 /* PJ_gn_sinu.c in Sources */ = {isa = PBXBuildFile; fileRef = 4C4B0642167F65E800BE65B8 /* PJ_gn_sinu.c */; };
		4C4B06E5167F65E900BE65B8 /* PJ_gnom.c in Sources */ = {isa = PBXBuildFile; fileRef = 4C4B0643167F65E800BE65B8 /* PJ_gnom.c */; };
		4C4B06E6167F65E900BE65B8 /* PJ_goode.c in Sources */ = {isa = PBXBuildFile; fileRef = 4C4B0644167F65E800BE65B8 /* PJ_goode.c */; };
		4C4B06E7167F65E900BE65B8 /* pj_gridinfo.c in Sources */ = {isa = PBXBuildFile; fileRef = 4C4B0645167F65E800BE65B8 /* pj_gridinfo.c */; };
		4C4B06E8167F65E900BE65B8 /* pj_gridlist.c in Sources */ = {isa = PBXBuildFile; fileRef = 4C4B0646167F65E800BE65B8 /* pj_gridlist.c */; };
		4C4B06E9167F65E900BE65B8 /* PJ_gstmerc.c in Sources */ = {isa = PBXBuildFile; fileRef = 4C4B0647167F65E800BE65B8 /* PJ_gstmerc.c */; };
		4C4B06EA167F65E900BE65B8 /* PJ_hammer.c in Sources */ = {isa = PBXBuildFile; fileRef = 4C4B0648167F65E800BE65B8 /* PJ_hammer.c */; };
		4C4B06EB167F65E900BE65B8 /* PJ_hatano.c in Sources */ = {isa = PBXBuildFile; fileRef = 4C4B0649167F65E800BE65B8 /* PJ_hatano.c */; };
		4C4B06EC167F65E900BE65B8 /* PJ_healpix.c in Sources */ = {isa = PBXBuildFile; fileRef = 4C4B064A167F65E800BE65B8 /* PJ_healpix.c */; };
		4C4B06ED167F65E900BE65B8 /* PJ_igh.c in Sources */ = {isa = PBXBuildFile; fileRef = 4C4B064B167F65E800BE65B8 /* PJ_igh.c */; };
		4C4B06EE167F65E900BE65B8 /* PJ_imw_p.c in Sources */ = {isa = PBXBuildFile; fileRef = 4C4B064C167F65E800BE65B8 /* PJ_imw_p.c */; };
		4C4B06EF167F65E900BE65B8 /* pj_init.c in Sources */ = {isa = PBXBuildFile; fileRef = 4C4B064D167F65E800BE65B8 /* pj_init.c */; };
		4C4B06F0167F65E900BE65B8 /* pj_initcache.c in Sources */ = {isa = PBXBuildFile; fileRef = 4C4B064E167F65E800BE65B8 /* pj_initcache.c */; };
		4C4B06F1167F65E900BE65B8 /* pj_inv.c in Sources */ = {isa = PBXBuildFile; fileRef = 4C4B064F167F65E800BE65B8 /* pj_inv.c */; };
		4C4B06F2167F65E900BE65B8 /* PJ_isea.c in Sources */ = {isa = PBXBuildFile; fileRef = 4C4B0650167F65E800BE65B8 /* PJ_isea.c */; };
		4C4B06F3167F65E900BE65B8 /* PJ_krovak.c in Sources */ = {isa = PBXBuildFile; fileRef = 4C4B0651167F65E800BE65B8 /* PJ_krovak.c */; };
		4C4B06F4167F65E900BE65B8 /* PJ_labrd.c in Sources */ = {isa = PBXBuildFile; fileRef = 4C4B0652167F65E800BE65B8 /* PJ_labrd.c */; };
		4C4B06F5167F65E900BE65B8 /* PJ_laea.c in Sources */ = {isa = PBXBuildFile; fileRef = 4C4B0653167F65E800BE65B8 /* PJ_laea.c */; };
		4C4B06F6167F65E900BE65B8 /* PJ_lagrng.c in Sources */ = {isa = PBXBuildFile; fileRef = 4C4B0654167F65E800BE65B8 /* PJ_lagrng.c */; };
		4C4B06F7167F65E900BE65B8 /* PJ_larr.c in Sources */ = {isa = PBXBuildFile; fileRef = 4C4B0655167F65E800BE65B8 /* PJ_larr.c */; };
		4C4B06F8167F65E900BE65B8 /* PJ_lask.c in Sources */ = {isa = PBXBuildFile; fileRef = 4C4B0656167F65E800BE65B8 /* PJ_lask.c */; };
		4C4B06F9167F65E900BE65B8 /* pj_latlong.c in Sources */ = {isa = PBXBuildFile; fileRef = 4C4B0657167F65E800BE65B8 /* pj_latlong.c */; };
		4C4B06FA167F65E900BE65B8 /* PJ_lcc.c in Sources */ = {isa = PBXBuildFile; fileRef = 4C4B0658167F65E800BE65B8 /* PJ_lcc.c */; };
		4C4B06FB167F65E900BE65B8 /* PJ_lcca.c in Sources */ = {isa = PBXBuildFile; fileRef = 4C4B0659167F65E800BE65B8 /* PJ_lcca.c */; };
		4C4B06FC167F65E900BE65B8 /* pj_list.c in Sources */ = {isa = PBXBuildFile; fileRef = 4C4B065A167F65E800BE65B8 /* pj_list.c */; };
		4C4B06FD167F65E900BE65B8 /* pj_log.c in Sources */ = {isa = PBXBuildFile; fileRef = 4C4B065C167F65E800BE65B8 /* pj_log.c */; };
		4C4B06FE167F65E900BE65B8 /* PJ_loxim.c in Sources */ = {isa = PBXBuildFile; fileRef = 4C4B065D167F65E800BE65B8 /* PJ_loxim.c */; };
		4C4B06FF167F65E900BE65B8 /* PJ_lsat.c in Sources */ = {isa = PBXBuildFile; fileRef = 4C4B065E167F65E800BE65B8 /* PJ_lsat.c */; };
		4C4B0700167F65E900BE65B8 /* pj_malloc.c in Sources */ = {isa = PBXBuildFile; fileRef = 4C4B065F167F65E800BE65B8 /* pj_malloc.c */; };
		4C4B0701167F65E900BE65B8 /* PJ_mbt_fps.c in Sources */ = {isa = PBXBuildFile; fileRef = 4C4B0660167F65E800BE65B8 /* PJ_mbt_fps.c */; };
		4C4B0702167F65E900BE65B8 /* PJ_mbtfpp.c in Sources */ = {isa = PBXBuildFile; fileRef = 4C4B0661167F65E800BE65B8 /* PJ_mbtfpp.c */; };
		4C4B0703167F65E900BE65B8 /* PJ_mbtfpq.c in Sources */ = {isa = PBXBuildFile; fileRef = 4C4B0662167F65E800BE65B8 /* PJ_mbtfpq.c */; };
		4C4B0704167F65E900BE65B8 /* PJ_merc.c in Sources */ = {isa = PBXBuildFile; fileRef = 4C4B0663167F65E800BE65B8 /* PJ_merc.c */; };
		4C4B0705167F65E900BE65B8 /* PJ_mill.c in Sources */ = {isa = PBXBuildFile; fileRef = 4C4B0664167F65E800BE65B8 /* PJ_mill.c */; };
		4C4B0706167F65E900BE65B8 /* pj_mlfn.c in Sources */ = {isa = PBXBuildFile; fileRef = 4C4B0665167F65E800BE65B8 /* pj_mlfn.c */; };
		4C4B0707167F65E900BE65B8 /* PJ_mod_ster.c in Sources */ = {isa = PBXBuildFile; fileRef = 4C4B0666167F65E800BE65B8 /* PJ_mod_ster.c */; };
		4C4B0708167F65E900BE65B8 /* PJ_moll.c in Sources */ = {isa = PBXBuildFile; fileRef = 4C4B0667167F65E800BE65B8 /* PJ_moll.c */; };
		4C4B0709167F65E900BE65B8 /* pj_msfn.c in Sources */ = {isa = PBXBuildFile; fileRef = 4C4B0668167F65E800BE65B8 /* pj_msfn.c */; };
		4C4B070A167F65E900BE65B8 /* pj_mutex.c in Sources */ = {isa = PBXBuildFile; fileRef = 4C4B0669167F65E800BE65B8 /* pj_mutex.c */; };
		4C4B070B167F65E900BE65B8 /* PJ_natearth.c in Sources */ = {isa = PBXBuildFile; fileRef = 4C4B066A167F65E800BE65B8 /* PJ_natearth.c */; };
		4C4B070C167F65E900BE65B8 /* PJ_nell_h.c in Sources */ = {isa = PBXBuildFile; fileRef = 4C4B066B167F65E800BE65B8 /* PJ_nell_h.c */; };
		4C4B070D167F65E900BE65B8 /* PJ_nell.c in Sources */ = {isa = PBXBuildFile; fileRef = 4C4B066C167F65E900BE65B8 /* PJ_nell.c */; };
		4C4B070E167F65E900BE65B8 /* PJ_nocol.c in Sources */ = {isa = PBXBuildFile; fileRef = 4C4B066D167F65E900BE65B8 /* PJ_nocol.c */; };
		4C4B070F167F65E900BE65B8 /* PJ_nsper.c in Sources */ = {isa = PBXBuildFile; fileRef = 4C4B066E167F65E900BE65B8 /* PJ_nsper.c */; };
		4C4B0710167F65E900BE65B8 /* PJ_nzmg.c in Sources */ = {isa = PBXBuildFile; fileRef = 4C4B066F167F65E900BE65B8 /* PJ_nzmg.c */; };
		4C4B0711167F65E900BE65B8 /* PJ_ob_tran.c in Sources */ = {isa = PBXBuildFile; fileRef = 4C4B0670167F65E900BE65B8 /* PJ_ob_tran.c */; };
		4C4B0712167F65E900BE65B8 /* PJ_ocea.c in Sources */ = {isa = PBXBuildFile; fileRef = 4C4B0671167F65E900BE65B8 /* PJ_ocea.c */; };
		4C4B0713167F65E900BE65B8 /* PJ_oea.c in Sources */ = {isa = PBXBuildFile; fileRef = 4C4B0672167F65E900BE65B8 /* PJ_oea.c */; };
		4C4B0714167F65E900BE65B8 /* PJ_omerc.c in Sources */ = {isa = PBXBuildFile; fileRef = 4C4B0673167F65E900BE65B8 /* PJ_omerc.c */; };
		4C4B0715167F65E900BE65B8 /* pj_open_lib.c in Sources */ = {isa = PBXBuildFile; fileRef = 4C4B0674167F65E900BE65B8 /* pj_open_lib.c */; };
		4C4B0716167F65E900BE65B8 /* PJ_ortho.c in Sources */ = {isa = PBXBuildFile; fileRef = 4C4B0675167F65E900BE65B8 /* PJ_ortho.c */; };
		4C4B0717167F65E900BE65B8 /* pj_param.c in Sources */ = {isa = PBXBuildFile; fileRef = 4C4B0676167F65E900BE65B8 /* pj_param.c */; };
		4C4B0718167F65E900BE65B8 /* pj_phi2.c in Sources */ = {isa = PBXBuildFile; fileRef = 4C4B0677167F65E900BE65B8 /* pj_phi2.c */; };
		4C4B0719167F65E900BE65B8 /* PJ_poly.c in Sources */ = {isa = PBXBuildFile; fileRef = 4C4B0678167F65E900BE65B8 /* PJ_poly.c */; };
		4C4B071A167F65E900BE65B8 /* pj_pr_list.c in Sources */ = {isa = PBXBuildFile; fileRef = 4C4B0679167F65E900BE65B8 /* pj_pr_list.c */; };
		4C4B071B167F65E900BE65B8 /* PJ_putp2.c in Sources */ = {isa = PBXBuildFile; fileRef = 4C4B067A167F65E900BE65B8 /* PJ_putp2.c */; };
		4C4B071C167F65E900BE65B8 /* PJ_putp3.c in Sources */ = {isa = PBXBuildFile; fileRef = 4C4B067B167F65E900BE65B8 /* PJ_putp3.c */; };
		4C4B071D167F65E900BE65B8 /* PJ_putp4p.c in Sources */ = {isa = PBXBuildFile; fileRef = 4C4B067C167F65E900BE65B8 /* PJ_putp4p.c */; };
		4C4B071E167F65E900BE65B8 /* PJ_putp5.c in Sources */ = {isa = PBXBuildFile; fileRef = 4C4B067D167F65E900BE65B8 /* PJ_putp5.c */; };
		4C4B071F167F65E900BE65B8 /* PJ_putp6.c in Sources */ = {isa = PBXBuildFile; fileRef = 4C4B067E167F65E900BE65B8 /* PJ_putp6.c */; };
		4C4B0720167F65E900BE65B8 /* pj_qsfn.c in Sources */ = {isa = PBXBuildFile; fileRef = 4C4B067F167F65E900BE65B8 /* pj_qsfn.c */; };
		4C4B0721167F65E900BE65B8 /* pj_release.c in Sources */ = {isa = PBXBuildFile; fileRef = 4C4B0680167F65E900BE65B8 /* pj_release.c */; };
		4C4B0722167F65E900BE65B8 /* PJ_robin.c in Sources */ = {isa = PBXBuildFile; fileRef = 4C4B0681167F65E900BE65B8 /* PJ_robin.c */; };
		4C4B0723167F65E900BE65B8 /* PJ_rpoly.c in Sources */ = {isa = PBXBuildFile; fileRef = 4C4B0682167F65E900BE65B8 /* PJ_rpoly.c */; };
		4C4B0724167F65E900BE65B8 /* PJ_sconics.c in Sources */ = {isa = PBXBuildFile; fileRef = 4C4B0683167F65E900BE65B8 /* PJ_sconics.c */; };
		4C4B0725167F65E900BE65B8 /* PJ_somerc.c in Sources */ = {isa = PBXBuildFile; fileRef = 4C4B0684167F65E900BE65B8 /* PJ_somerc.c */; };
		4C4B0726167F65E900BE65B8 /* PJ_stere.c in Sources */ = {isa = PBXBuildFile; fileRef = 4C4B0685167F65E900BE65B8 /* PJ_stere.c */; };
		4C4B0727167F65E900BE65B8 /* PJ_sterea.c in Sources */ = {isa = PBXBuildFile; fileRef = 4C4B0686167F65E900BE65B8 /* PJ_sterea.c */; };
		4C4B0728167F65E900BE65B8 /* pj_strerrno.c in Sources */ = {isa = PBXBuildFile; fileRef = 4C4B0687167F65E900BE65B8 /* pj_strerrno.c */; };
		4C4B0729167F65E900BE65B8 /* PJ_sts.c in Sources */ = {isa = PBXBuildFile; fileRef = 4C4B0688167F65E900BE65B8 /* PJ_sts.c */; };
		4C4B072A167F65E900BE65B8 /* PJ_tcc.c in Sources */ = {isa = PBXBuildFile; fileRef = 4C4B0689167F65E900BE65B8 /* PJ_tcc.c */; };
		4C4B072B167F65E900BE65B8 /* PJ_tcea.c in Sources */ = {isa = PBXBuildFile; fileRef = 4C4B068A167F65E900BE65B8 /* PJ_tcea.c */; };
		4C4B072C167F65E900BE65B8 /* PJ_tmerc.c in Sources */ = {isa = PBXBuildFile; fileRef = 4C4B068B167F65E900BE65B8 /* PJ_tmerc.c */; };
		4C4B072D167F65E900BE65B8 /* PJ_tpeqd.c in Sources */ = {isa = PBXBuildFile; fileRef = 4C4B068C167F65E900BE65B8 /* PJ_tpeqd.c */; };
		4C4B072E167F65E900BE65B8 /* pj_transform.c in Sources */ = {isa = PBXBuildFile; fileRef = 4C4B068D167F65E900BE65B8 /* pj_transform.c */; };
		4C4B072F167F65E900BE65B8 /* pj_tsfn.c in Sources */ = {isa = PBXBuildFile; fileRef = 4C4B068E167F65E900BE65B8 /* pj_tsfn.c */; };
		4C4B0730167F65E900BE65B8 /* pj_units.c in Sources */ = {isa = PBXBuildFile; fileRef = 4C4B068F167F65E900BE65B8 /* pj_units.c */; };
		4C4B0731167F65E900BE65B8 /* PJ_urm5.c in Sources */ = {isa = PBXBuildFile; fileRef = 4C4B0690167F65E900BE65B8 /* PJ_urm5.c */; };
		4C4B0732167F65E900BE65B8 /* PJ_urmfps.c in Sources */ = {isa = PBXBuildFile; fileRef = 4C4B0691167F65E900BE65B8 /* PJ_urmfps.c */; };
		4C4B0733167F65E900BE65B8 /* pj_utils.c in Sources */ = {isa = PBXBuildFile; fileRef = 4C4B0692167F65E900BE65B8 /* pj_utils.c */; };
		4C4B0734167F65E900BE65B8 /* PJ_vandg.c in Sources */ = {isa = PBXBuildFile; fileRef = 4C4B0693167F65E900BE65B8 /* PJ_vandg.c */; };
		4C4B0735167F65E900BE65B8 /* PJ_vandg2.c in Sources */ = {isa = PBXBuildFile; fileRef = 4C4B0694167F65E900BE65B8 /* PJ_vandg2.c */; };
		4C4B0736167F65E900BE65B8 /* PJ_vandg4.c in Sources */ = {isa = PBXBuildFile; fileRef = 4C4B0695167F65E900BE65B8 /* PJ_vandg4.c */; };
		4C4B0737167F65E900BE65B8 /* PJ_wag2.c in Sources */ = {isa = PBXBuildFile; fileRef = 4C4B0696167F65E900BE65B8 /* PJ_wag2.c */; };
		4C4B0738167F65E900BE65B8 /* PJ_wag3.c in Sources */ = {isa = PBXBuildFile; fileRef = 4C4B0697167F65E900BE65B8 /* PJ_wag3.c */; };
		4C4B0739167F65E900BE65B8 /* PJ_wag7.c in Sources */ = {isa = PBXBuildFile; fileRef = 4C4B0698167F65E900BE65B8 /* PJ_wag7.c */; };
		4C4B073A167F65E900BE65B8 /* PJ_wink1.c in Sources */ = {isa = PBXBuildFile; fileRef = 4C4B0699167F65E900BE65B8 /* PJ_wink1.c */; };
		4C4B073B167F65E900BE65B8 /* PJ_wink2.c in Sources */ = {isa = PBXBuildFile; fileRef = 4C4B069A167F65E900BE65B8 /* PJ_wink2.c */; };
		4C4B073C167F65E900BE65B8 /* pj_zpoly1.c in Sources */ = {isa = PBXBuildFile; fileRef = 4C4B069B167F65E900BE65B8 /* pj_zpoly1.c */; };
		4C4B073D167F65E900BE65B8 /* proj_etmerc.c in Sources */ = {isa = PBXBuildFile; fileRef = 4C4B069D167F65E900BE65B8 /* proj_etmerc.c */; };
		4C4B073E167F65E900BE65B8 /* proj_mdist.c in Sources */ = {isa = PBXBuildFile; fileRef = 4C4B069E167F65E900BE65B8 /* proj_mdist.c */; };
		4C4B073F167F65E900BE65B8 /* proj_rouss.c in Sources */ = {isa = PBXBuildFile; fileRef = 4C4B069F167F65E900BE65B8 /* proj_rouss.c */; };
		4C4B0740167F65E900BE65B8 /* proj.c in Sources */ = {isa = PBXBuildFile; fileRef = 4C4B06A0167F65E900BE65B8 /* proj.c */; };
		4C4B0741167F65E900BE65B8 /* rtodms.c in Sources */ = {isa = PBXBuildFile; fileRef = 4C4B06A2167F65E900BE65B8 /* rtodms.c */; };
		4C4B0742167F65E900BE65B8 /* vector1.c in Sources */ = {isa = PBXBuildFile; fileRef = 4C4B06A3167F65E900BE65B8 /* vector1.c */; };
		4C4B0744167F663400BE65B8 /* emess.h in Headers */ = {isa = PBXBuildFile; fileRef = 4C4B0606167F65E700BE65B8 /* emess.h */; };
		4C4B0745167F663600BE65B8 /* geocent.h in Headers */ = {isa = PBXBuildFile; fileRef = 4C4B0609167F65E700BE65B8 /* geocent.h */; };
		4C4B0746167F663900BE65B8 /* geodesic.h in Headers */ = {isa = PBXBuildFile; fileRef = 4C4B060E167F65E700BE65B8 /* geodesic.h */; };
		4C4B0747167F663C00BE65B8 /* org_proj4_Projections.h in Headers */ = {isa = PBXBuildFile; fileRef = 4C4B0616167F65E700BE65B8 /* org_proj4_Projections.h */; };
		4C4B0748167F664400BE65B8 /* pj_list.h in Headers */ = {isa = PBXBuildFile; fileRef = 4C4B065B167F65E800BE65B8 /* pj_list.h */; };
		4C4B0749167F664800BE65B8 /* proj_api.h in Headers */ = {isa = PBXBuildFile; fileRef = 4C4B069C167F65E900BE65B8 /* proj_api.h */; settings = {ATTRIBUTES = (Public, ); }; };
		4C4B074A167F664B00BE65B8 /* projects.h in Headers */ = {isa = PBXBuildFile; fileRef = 4C4B06A1167F65E900BE65B8 /* projects.h */; };
		4C4B074C167F66C900BE65B8 /* proj_config.h in Headers */ = {isa = PBXBuildFile; fileRef = 4C4B074B167F66C900BE65B8 /* proj_config.h */; };
/* End PBXBuildFile section */

/* Begin PBXCopyFilesBuildPhase section */
		4C4B05E8167F657B00BE65B8 /* CopyFiles */ = {
			isa = PBXCopyFilesBuildPhase;
			buildActionMask = 2147483647;
			dstPath = "include/${PRODUCT_NAME}";
			dstSubfolderSpec = 16;
			files = (
			);
			runOnlyForDeploymentPostprocessing = 0;
		};
/* End PBXCopyFilesBuildPhase section */

/* Begin PBXFileReference section */
		4C4B05EA167F657B00BE65B8 /* libProj4.a */ = {isa = PBXFileReference; explicitFileType = archive.ar; includeInIndex = 0; path = libProj4.a; sourceTree = BUILT_PRODUCTS_DIR; };
		4C4B05ED167F657B00BE65B8 /* Foundation.framework */ = {isa = PBXFileReference; lastKnownFileType = wrapper.framework; name = Foundation.framework; path = System/Library/Frameworks/Foundation.framework; sourceTree = SDKROOT; };
		4C4B05F1167F657B00BE65B8 /* Proj4-Prefix.pch */ = {isa = PBXFileReference; lastKnownFileType = sourcecode.c.h; path = "Proj4-Prefix.pch"; sourceTree = "<group>"; };
		4C4B05FE167F65E700BE65B8 /* aasincos.c */ = {isa = PBXFileReference; fileEncoding = 4; lastKnownFileType = sourcecode.c.c; path = aasincos.c; sourceTree = "<group>"; };
		4C4B05FF167F65E700BE65B8 /* adjlon.c */ = {isa = PBXFileReference; fileEncoding = 4; lastKnownFileType = sourcecode.c.c; path = adjlon.c; sourceTree = "<group>"; };
		4C4B0600167F65E700BE65B8 /* bch2bps.c */ = {isa = PBXFileReference; fileEncoding = 4; lastKnownFileType = sourcecode.c.c; path = bch2bps.c; sourceTree = "<group>"; };
		4C4B0601167F65E700BE65B8 /* bchgen.c */ = {isa = PBXFileReference; fileEncoding = 4; lastKnownFileType = sourcecode.c.c; path = bchgen.c; sourceTree = "<group>"; };
		4C4B0602167F65E700BE65B8 /* biveval.c */ = {isa = PBXFileReference; fileEncoding = 4; lastKnownFileType = sourcecode.c.c; path = biveval.c; sourceTree = "<group>"; };
		4C4B0603167F65E700BE65B8 /* cs2cs.c */ = {isa = PBXFileReference; fileEncoding = 4; lastKnownFileType = sourcecode.c.c; path = cs2cs.c; sourceTree = "<group>"; };
		4C4B0604167F65E700BE65B8 /* dmstor.c */ = {isa = PBXFileReference; fileEncoding = 4; lastKnownFileType = sourcecode.c.c; path = dmstor.c; sourceTree = "<group>"; };
		4C4B0605167F65E700BE65B8 /* emess.c */ = {isa = PBXFileReference; fileEncoding = 4; lastKnownFileType = sourcecode.c.c; path = emess.c; sourceTree = "<group>"; };
		4C4B0606167F65E700BE65B8 /* emess.h */ = {isa = PBXFileReference; fileEncoding = 4; lastKnownFileType = sourcecode.c.h; path = emess.h; sourceTree = "<group>"; };
		4C4B0607167F65E700BE65B8 /* gen_cheb.c */ = {isa = PBXFileReference; fileEncoding = 4; lastKnownFileType = sourcecode.c.c; path = gen_cheb.c; sourceTree = "<group>"; };
		4C4B0608167F65E700BE65B8 /* geocent.c */ = {isa = PBXFileReference; fileEncoding = 4; lastKnownFileType = sourcecode.c.c; path = geocent.c; sourceTree = "<group>"; };
		4C4B0609167F65E700BE65B8 /* geocent.h */ = {isa = PBXFileReference; fileEncoding = 4; lastKnownFileType = sourcecode.c.h; path = geocent.h; sourceTree = "<group>"; };
		4C4B060A167F65E700BE65B8 /* geod_for.c */ = {isa = PBXFileReference; fileEncoding = 4; lastKnownFileType = sourcecode.c.c; path = geod_for.c; sourceTree = "<group>"; };
		4C4B060B167F65E700BE65B8 /* geod_inv.c */ = {isa = PBXFileReference; fileEncoding = 4; lastKnownFileType = sourcecode.c.c; path = geod_inv.c; sourceTree = "<group>"; };
		4C4B060C167F65E700BE65B8 /* geod_set.c */ = {isa = PBXFileReference; fileEncoding = 4; lastKnownFileType = sourcecode.c.c; path = geod_set.c; sourceTree = "<group>"; };
		4C4B060D167F65E700BE65B8 /* geod.c */ = {isa = PBXFileReference; fileEncoding = 4; lastKnownFileType = sourcecode.c.c; path = geod.c; sourceTree = "<group>"; };
		4C4B060E167F65E700BE65B8 /* geodesic.h */ = {isa = PBXFileReference; fileEncoding = 4; lastKnownFileType = sourcecode.c.h; path = geodesic.h; sourceTree = "<group>"; };
		4C4B060F167F65E700BE65B8 /* jniproj.c */ = {isa = PBXFileReference; fileEncoding = 4; lastKnownFileType = sourcecode.c.c; path = jniproj.c; sourceTree = "<group>"; };
		4C4B0610167F65E700BE65B8 /* mk_cheby.c */ = {isa = PBXFileReference; fileEncoding = 4; lastKnownFileType = sourcecode.c.c; path = mk_cheby.c; sourceTree = "<group>"; };
		4C4B0611167F65E700BE65B8 /* multistresstest.c */ = {isa = PBXFileReference; fileEncoding = 4; lastKnownFileType = sourcecode.c.c; path = multistresstest.c; sourceTree = "<group>"; };
		4C4B0612167F65E700BE65B8 /* nad_cvt.c */ = {isa = PBXFileReference; fileEncoding = 4; lastKnownFileType = sourcecode.c.c; path = nad_cvt.c; sourceTree = "<group>"; };
		4C4B0613167F65E700BE65B8 /* nad_init.c */ = {isa = PBXFileReference; fileEncoding = 4; lastKnownFileType = sourcecode.c.c; path = nad_init.c; sourceTree = "<group>"; };
		4C4B0614167F65E700BE65B8 /* nad_intr.c */ = {isa = PBXFileReference; fileEncoding = 4; lastKnownFileType = sourcecode.c.c; path = nad_intr.c; sourceTree = "<group>"; };
		4C4B0615167F65E700BE65B8 /* nad2bin.c */ = {isa = PBXFileReference; fileEncoding = 4; lastKnownFileType = sourcecode.c.c; path = nad2bin.c; sourceTree = "<group>"; };
		4C4B0616167F65E700BE65B8 /* org_proj4_Projections.h */ = {isa = PBXFileReference; fileEncoding = 4; lastKnownFileType = sourcecode.c.h; path = org_proj4_Projections.h; sourceTree = "<group>"; };
		4C4B0617167F65E700BE65B8 /* p_series.c */ = {isa = PBXFileReference; fileEncoding = 4; lastKnownFileType = sourcecode.c.c; path = p_series.c; sourceTree = "<group>"; };
		4C4B0618167F65E700BE65B8 /* PJ_aea.c */ = {isa = PBXFileReference; fileEncoding = 4; lastKnownFileType = sourcecode.c.c; path = PJ_aea.c; sourceTree = "<group>"; };
		4C4B0619167F65E700BE65B8 /* PJ_aeqd.c */ = {isa = PBXFileReference; fileEncoding = 4; lastKnownFileType = sourcecode.c.c; path = PJ_aeqd.c; sourceTree = "<group>"; };
		4C4B061A167F65E700BE65B8 /* PJ_airy.c */ = {isa = PBXFileReference; fileEncoding = 4; lastKnownFileType = sourcecode.c.c; path = PJ_airy.c; sourceTree = "<group>"; };
		4C4B061B167F65E700BE65B8 /* PJ_aitoff.c */ = {isa = PBXFileReference; fileEncoding = 4; lastKnownFileType = sourcecode.c.c; path = PJ_aitoff.c; sourceTree = "<group>"; };
		4C4B061C167F65E700BE65B8 /* pj_apply_gridshift.c */ = {isa = PBXFileReference; fileEncoding = 4; lastKnownFileType = sourcecode.c.c; path = pj_apply_gridshift.c; sourceTree = "<group>"; };
		4C4B061D167F65E700BE65B8 /* pj_apply_vgridshift.c */ = {isa = PBXFileReference; fileEncoding = 4; lastKnownFileType = sourcecode.c.c; path = pj_apply_vgridshift.c; sourceTree = "<group>"; };
		4C4B061E167F65E700BE65B8 /* PJ_august.c */ = {isa = PBXFileReference; fileEncoding = 4; lastKnownFileType = sourcecode.c.c; path = PJ_august.c; sourceTree = "<group>"; };
		4C4B061F167F65E700BE65B8 /* pj_auth.c */ = {isa = PBXFileReference; fileEncoding = 4; lastKnownFileType = sourcecode.c.c; path = pj_auth.c; sourceTree = "<group>"; };
		4C4B0620167F65E700BE65B8 /* PJ_bacon.c */ = {isa = PBXFileReference; fileEncoding = 4; lastKnownFileType = sourcecode.c.c; path = PJ_bacon.c; sourceTree = "<group>"; };
		4C4B0621167F65E700BE65B8 /* PJ_bipc.c */ = {isa = PBXFileReference; fileEncoding = 4; lastKnownFileType = sourcecode.c.c; path = PJ_bipc.c; sourceTree = "<group>"; };
		4C4B0622167F65E700BE65B8 /* PJ_boggs.c */ = {isa = PBXFileReference; fileEncoding = 4; lastKnownFileType = sourcecode.c.c; path = PJ_boggs.c; sourceTree = "<group>"; };
		4C4B0623167F65E700BE65B8 /* PJ_bonne.c */ = {isa = PBXFileReference; fileEncoding = 4; lastKnownFileType = sourcecode.c.c; path = PJ_bonne.c; sourceTree = "<group>"; };
		4C4B0624167F65E700BE65B8 /* PJ_cass.c */ = {isa = PBXFileReference; fileEncoding = 4; lastKnownFileType = sourcecode.c.c; path = PJ_cass.c; sourceTree = "<group>"; };
		4C4B0625167F65E700BE65B8 /* PJ_cc.c */ = {isa = PBXFileReference; fileEncoding = 4; lastKnownFileType = sourcecode.c.c; path = PJ_cc.c; sourceTree = "<group>"; };
		4C4B0626167F65E700BE65B8 /* PJ_cea.c */ = {isa = PBXFileReference; fileEncoding = 4; lastKnownFileType = sourcecode.c.c; path = PJ_cea.c; sourceTree = "<group>"; };
		4C4B0627167F65E700BE65B8 /* PJ_chamb.c */ = {isa = PBXFileReference; fileEncoding = 4; lastKnownFileType = sourcecode.c.c; path = PJ_chamb.c; sourceTree = "<group>"; };
		4C4B0628167F65E800BE65B8 /* PJ_collg.c */ = {isa = PBXFileReference; fileEncoding = 4; lastKnownFileType = sourcecode.c.c; path = PJ_collg.c; sourceTree = "<group>"; };
		4C4B0629167F65E800BE65B8 /* PJ_crast.c */ = {isa = PBXFileReference; fileEncoding = 4; lastKnownFileType = sourcecode.c.c; path = PJ_crast.c; sourceTree = "<group>"; };
		4C4B062A167F65E800BE65B8 /* pj_ctx.c */ = {isa = PBXFileReference; fileEncoding = 4; lastKnownFileType = sourcecode.c.c; path = pj_ctx.c; sourceTree = "<group>"; };
		4C4B062B167F65E800BE65B8 /* pj_datum_set.c */ = {isa = PBXFileReference; fileEncoding = 4; lastKnownFileType = sourcecode.c.c; path = pj_datum_set.c; sourceTree = "<group>"; };
		4C4B062C167F65E800BE65B8 /* pj_datums.c */ = {isa = PBXFileReference; fileEncoding = 4; lastKnownFileType = sourcecode.c.c; path = pj_datums.c; sourceTree = "<group>"; };
		4C4B062D167F65E800BE65B8 /* PJ_denoy.c */ = {isa = PBXFileReference; fileEncoding = 4; lastKnownFileType = sourcecode.c.c; path = PJ_denoy.c; sourceTree = "<group>"; };
		4C4B062E167F65E800BE65B8 /* pj_deriv.c */ = {isa = PBXFileReference; fileEncoding = 4; lastKnownFileType = sourcecode.c.c; path = pj_deriv.c; sourceTree = "<group>"; };
		4C4B062F167F65E800BE65B8 /* PJ_eck1.c */ = {isa = PBXFileReference; fileEncoding = 4; lastKnownFileType = sourcecode.c.c; path = PJ_eck1.c; sourceTree = "<group>"; };
		4C4B0630167F65E800BE65B8 /* PJ_eck2.c */ = {isa = PBXFileReference; fileEncoding = 4; lastKnownFileType = sourcecode.c.c; path = PJ_eck2.c; sourceTree = "<group>"; };
		4C4B0631167F65E800BE65B8 /* PJ_eck3.c */ = {isa = PBXFileReference; fileEncoding = 4; lastKnownFileType = sourcecode.c.c; path = PJ_eck3.c; sourceTree = "<group>"; };
		4C4B0632167F65E800BE65B8 /* PJ_eck4.c */ = {isa = PBXFileReference; fileEncoding = 4; lastKnownFileType = sourcecode.c.c; path = PJ_eck4.c; sourceTree = "<group>"; };
		4C4B0633167F65E800BE65B8 /* PJ_eck5.c */ = {isa = PBXFileReference; fileEncoding = 4; lastKnownFileType = sourcecode.c.c; path = PJ_eck5.c; sourceTree = "<group>"; };
		4C4B0634167F65E800BE65B8 /* pj_ell_set.c */ = {isa = PBXFileReference; fileEncoding = 4; lastKnownFileType = sourcecode.c.c; path = pj_ell_set.c; sourceTree = "<group>"; };
		4C4B0635167F65E800BE65B8 /* pj_ellps.c */ = {isa = PBXFileReference; fileEncoding = 4; lastKnownFileType = sourcecode.c.c; path = pj_ellps.c; sourceTree = "<group>"; };
		4C4B0636167F65E800BE65B8 /* PJ_eqc.c */ = {isa = PBXFileReference; fileEncoding = 4; lastKnownFileType = sourcecode.c.c; path = PJ_eqc.c; sourceTree = "<group>"; };
		4C4B0637167F65E800BE65B8 /* PJ_eqdc.c */ = {isa = PBXFileReference; fileEncoding = 4; lastKnownFileType = sourcecode.c.c; path = PJ_eqdc.c; sourceTree = "<group>"; };
		4C4B0638167F65E800BE65B8 /* pj_errno.c */ = {isa = PBXFileReference; fileEncoding = 4; lastKnownFileType = sourcecode.c.c; path = pj_errno.c; sourceTree = "<group>"; };
		4C4B0639167F65E800BE65B8 /* pj_factors.c */ = {isa = PBXFileReference; fileEncoding = 4; lastKnownFileType = sourcecode.c.c; path = pj_factors.c; sourceTree = "<group>"; };
		4C4B063A167F65E800BE65B8 /* PJ_fahey.c */ = {isa = PBXFileReference; fileEncoding = 4; lastKnownFileType = sourcecode.c.c; path = PJ_fahey.c; sourceTree = "<group>"; };
		4C4B063B167F65E800BE65B8 /* PJ_fouc_s.c */ = {isa = PBXFileReference; fileEncoding = 4; lastKnownFileType = sourcecode.c.c; path = PJ_fouc_s.c; sourceTree = "<group>"; };
		4C4B063C167F65E800BE65B8 /* pj_fwd.c */ = {isa = PBXFileReference; fileEncoding = 4; lastKnownFileType = sourcecode.c.c; path = pj_fwd.c; sourceTree = "<group>"; };
		4C4B063D167F65E800BE65B8 /* PJ_gall.c */ = {isa = PBXFileReference; fileEncoding = 4; lastKnownFileType = sourcecode.c.c; path = PJ_gall.c; sourceTree = "<group>"; };
		4C4B063E167F65E800BE65B8 /* pj_gauss.c */ = {isa = PBXFileReference; fileEncoding = 4; lastKnownFileType = sourcecode.c.c; path = pj_gauss.c; sourceTree = "<group>"; };
		4C4B063F167F65E800BE65B8 /* pj_geocent.c */ = {isa = PBXFileReference; fileEncoding = 4; lastKnownFileType = sourcecode.c.c; path = pj_geocent.c; sourceTree = "<group>"; };
		4C4B0640167F65E800BE65B8 /* PJ_geos.c */ = {isa = PBXFileReference; fileEncoding = 4; lastKnownFileType = sourcecode.c.c; path = PJ_geos.c; sourceTree = "<group>"; };
		4C4B0641167F65E800BE65B8 /* PJ_gins8.c */ = {isa = PBXFileReference; fileEncoding = 4; lastKnownFileType = sourcecode.c.c; path = PJ_gins8.c; sourceTree = "<group>"; };
		4C4B0642167F65E800BE65B8 /* PJ_gn_sinu.c */ = {isa = PBXFileReference; fileEncoding = 4; lastKnownFileType = sourcecode.c.c; path = PJ_gn_sinu.c; sourceTree = "<group>"; };
		4C4B0643167F65E800BE65B8 /* PJ_gnom.c */ = {isa = PBXFileReference; fileEncoding = 4; lastKnownFileType = sourcecode.c.c; path = PJ_gnom.c; sourceTree = "<group>"; };
		4C4B0644167F65E800BE65B8 /* PJ_goode.c */ = {isa = PBXFileReference; fileEncoding = 4; lastKnownFileType = sourcecode.c.c; path = PJ_goode.c; sourceTree = "<group>"; };
		4C4B0645167F65E800BE65B8 /* pj_gridinfo.c */ = {isa = PBXFileReference; fileEncoding = 4; lastKnownFileType = sourcecode.c.c; path = pj_gridinfo.c; sourceTree = "<group>"; };
		4C4B0646167F65E800BE65B8 /* pj_gridlist.c */ = {isa = PBXFileReference; fileEncoding = 4; lastKnownFileType = sourcecode.c.c; path = pj_gridlist.c; sourceTree = "<group>"; };
		4C4B0647167F65E800BE65B8 /* PJ_gstmerc.c */ = {isa = PBXFileReference; fileEncoding = 4; lastKnownFileType = sourcecode.c.c; path = PJ_gstmerc.c; sourceTree = "<group>"; };
		4C4B0648167F65E800BE65B8 /* PJ_hammer.c */ = {isa = PBXFileReference; fileEncoding = 4; lastKnownFileType = sourcecode.c.c; path = PJ_hammer.c; sourceTree = "<group>"; };
		4C4B0649167F65E800BE65B8 /* PJ_hatano.c */ = {isa = PBXFileReference; fileEncoding = 4; lastKnownFileType = sourcecode.c.c; path = PJ_hatano.c; sourceTree = "<group>"; };
		4C4B064A167F65E800BE65B8 /* PJ_healpix.c */ = {isa = PBXFileReference; fileEncoding = 4; lastKnownFileType = sourcecode.c.c; path = PJ_healpix.c; sourceTree = "<group>"; };
		4C4B064B167F65E800BE65B8 /* PJ_igh.c */ = {isa = PBXFileReference; fileEncoding = 4; lastKnownFileType = sourcecode.c.c; path = PJ_igh.c; sourceTree = "<group>"; };
		4C4B064C167F65E800BE65B8 /* PJ_imw_p.c */ = {isa = PBXFileReference; fileEncoding = 4; lastKnownFileType = sourcecode.c.c; path = PJ_imw_p.c; sourceTree = "<group>"; };
		4C4B064D167F65E800BE65B8 /* pj_init.c */ = {isa = PBXFileReference; fileEncoding = 4; lastKnownFileType = sourcecode.c.c; path = pj_init.c; sourceTree = "<group>"; };
		4C4B064E167F65E800BE65B8 /* pj_initcache.c */ = {isa = PBXFileReference; fileEncoding = 4; lastKnownFileType = sourcecode.c.c; path = pj_initcache.c; sourceTree = "<group>"; };
		4C4B064F167F65E800BE65B8 /* pj_inv.c */ = {isa = PBXFileReference; fileEncoding = 4; lastKnownFileType = sourcecode.c.c; path = pj_inv.c; sourceTree = "<group>"; };
		4C4B0650167F65E800BE65B8 /* PJ_isea.c */ = {isa = PBXFileReference; fileEncoding = 4; lastKnownFileType = sourcecode.c.c; path = PJ_isea.c; sourceTree = "<group>"; };
		4C4B0651167F65E800BE65B8 /* PJ_krovak.c */ = {isa = PBXFileReference; fileEncoding = 4; lastKnownFileType = sourcecode.c.c; path = PJ_krovak.c; sourceTree = "<group>"; };
		4C4B0652167F65E800BE65B8 /* PJ_labrd.c */ = {isa = PBXFileReference; fileEncoding = 4; lastKnownFileType = sourcecode.c.c; path = PJ_labrd.c; sourceTree = "<group>"; };
		4C4B0653167F65E800BE65B8 /* PJ_laea.c */ = {isa = PBXFileReference; fileEncoding = 4; lastKnownFileType = sourcecode.c.c; path = PJ_laea.c; sourceTree = "<group>"; };
		4C4B0654167F65E800BE65B8 /* PJ_lagrng.c */ = {isa = PBXFileReference; fileEncoding = 4; lastKnownFileType = sourcecode.c.c; path = PJ_lagrng.c; sourceTree = "<group>"; };
		4C4B0655167F65E800BE65B8 /* PJ_larr.c */ = {isa = PBXFileReference; fileEncoding = 4; lastKnownFileType = sourcecode.c.c; path = PJ_larr.c; sourceTree = "<group>"; };
		4C4B0656167F65E800BE65B8 /* PJ_lask.c */ = {isa = PBXFileReference; fileEncoding = 4; lastKnownFileType = sourcecode.c.c; path = PJ_lask.c; sourceTree = "<group>"; };
		4C4B0657167F65E800BE65B8 /* pj_latlong.c */ = {isa = PBXFileReference; fileEncoding = 4; lastKnownFileType = sourcecode.c.c; path = pj_latlong.c; sourceTree = "<group>"; };
		4C4B0658167F65E800BE65B8 /* PJ_lcc.c */ = {isa = PBXFileReference; fileEncoding = 4; lastKnownFileType = sourcecode.c.c; path = PJ_lcc.c; sourceTree = "<group>"; };
		4C4B0659167F65E800BE65B8 /* PJ_lcca.c */ = {isa = PBXFileReference; fileEncoding = 4; lastKnownFileType = sourcecode.c.c; path = PJ_lcca.c; sourceTree = "<group>"; };
		4C4B065A167F65E800BE65B8 /* pj_list.c */ = {isa = PBXFileReference; fileEncoding = 4; lastKnownFileType = sourcecode.c.c; path = pj_list.c; sourceTree = "<group>"; };
		4C4B065B167F65E800BE65B8 /* pj_list.h */ = {isa = PBXFileReference; fileEncoding = 4; lastKnownFileType = sourcecode.c.h; path = pj_list.h; sourceTree = "<group>"; };
		4C4B065C167F65E800BE65B8 /* pj_log.c */ = {isa = PBXFileReference; fileEncoding = 4; lastKnownFileType = sourcecode.c.c; path = pj_log.c; sourceTree = "<group>"; };
		4C4B065D167F65E800BE65B8 /* PJ_loxim.c */ = {isa = PBXFileReference; fileEncoding = 4; lastKnownFileType = sourcecode.c.c; path = PJ_loxim.c; sourceTree = "<group>"; };
		4C4B065E167F65E800BE65B8 /* PJ_lsat.c */ = {isa = PBXFileReference; fileEncoding = 4; lastKnownFileType = sourcecode.c.c; path = PJ_lsat.c; sourceTree = "<group>"; };
		4C4B065F167F65E800BE65B8 /* pj_malloc.c */ = {isa = PBXFileReference; fileEncoding = 4; lastKnownFileType = sourcecode.c.c; path = pj_malloc.c; sourceTree = "<group>"; };
		4C4B0660167F65E800BE65B8 /* PJ_mbt_fps.c */ = {isa = PBXFileReference; fileEncoding = 4; lastKnownFileType = sourcecode.c.c; path = PJ_mbt_fps.c; sourceTree = "<group>"; };
		4C4B0661167F65E800BE65B8 /* PJ_mbtfpp.c */ = {isa = PBXFileReference; fileEncoding = 4; lastKnownFileType = sourcecode.c.c; path = PJ_mbtfpp.c; sourceTree = "<group>"; };
		4C4B0662167F65E800BE65B8 /* PJ_mbtfpq.c */ = {isa = PBXFileReference; fileEncoding = 4; lastKnownFileType = sourcecode.c.c; path = PJ_mbtfpq.c; sourceTree = "<group>"; };
		4C4B0663167F65E800BE65B8 /* PJ_merc.c */ = {isa = PBXFileReference; fileEncoding = 4; lastKnownFileType = sourcecode.c.c; path = PJ_merc.c; sourceTree = "<group>"; };
		4C4B0664167F65E800BE65B8 /* PJ_mill.c */ = {isa = PBXFileReference; fileEncoding = 4; lastKnownFileType = sourcecode.c.c; path = PJ_mill.c; sourceTree = "<group>"; };
		4C4B0665167F65E800BE65B8 /* pj_mlfn.c */ = {isa = PBXFileReference; fileEncoding = 4; lastKnownFileType = sourcecode.c.c; path = pj_mlfn.c; sourceTree = "<group>"; };
		4C4B0666167F65E800BE65B8 /* PJ_mod_ster.c */ = {isa = PBXFileReference; fileEncoding = 4; lastKnownFileType = sourcecode.c.c; path = PJ_mod_ster.c; sourceTree = "<group>"; };
		4C4B0667167F65E800BE65B8 /* PJ_moll.c */ = {isa = PBXFileReference; fileEncoding = 4; lastKnownFileType = sourcecode.c.c; path = PJ_moll.c; sourceTree = "<group>"; };
		4C4B0668167F65E800BE65B8 /* pj_msfn.c */ = {isa = PBXFileReference; fileEncoding = 4; lastKnownFileType = sourcecode.c.c; path = pj_msfn.c; sourceTree = "<group>"; };
		4C4B0669167F65E800BE65B8 /* pj_mutex.c */ = {isa = PBXFileReference; fileEncoding = 4; lastKnownFileType = sourcecode.c.c; path = pj_mutex.c; sourceTree = "<group>"; };
		4C4B066A167F65E800BE65B8 /* PJ_natearth.c */ = {isa = PBXFileReference; fileEncoding = 4; lastKnownFileType = sourcecode.c.c; path = PJ_natearth.c; sourceTree = "<group>"; };
		4C4B066B167F65E800BE65B8 /* PJ_nell_h.c */ = {isa = PBXFileReference; fileEncoding = 4; lastKnownFileType = sourcecode.c.c; path = PJ_nell_h.c; sourceTree = "<group>"; };
		4C4B066C167F65E900BE65B8 /* PJ_nell.c */ = {isa = PBXFileReference; fileEncoding = 4; lastKnownFileType = sourcecode.c.c; path = PJ_nell.c; sourceTree = "<group>"; };
		4C4B066D167F65E900BE65B8 /* PJ_nocol.c */ = {isa = PBXFileReference; fileEncoding = 4; lastKnownFileType = sourcecode.c.c; path = PJ_nocol.c; sourceTree = "<group>"; };
		4C4B066E167F65E900BE65B8 /* PJ_nsper.c */ = {isa = PBXFileReference; fileEncoding = 4; lastKnownFileType = sourcecode.c.c; path = PJ_nsper.c; sourceTree = "<group>"; };
		4C4B066F167F65E900BE65B8 /* PJ_nzmg.c */ = {isa = PBXFileReference; fileEncoding = 4; lastKnownFileType = sourcecode.c.c; path = PJ_nzmg.c; sourceTree = "<group>"; };
		4C4B0670167F65E900BE65B8 /* PJ_ob_tran.c */ = {isa = PBXFileReference; fileEncoding = 4; lastKnownFileType = sourcecode.c.c; path = PJ_ob_tran.c; sourceTree = "<group>"; };
		4C4B0671167F65E900BE65B8 /* PJ_ocea.c */ = {isa = PBXFileReference; fileEncoding = 4; lastKnownFileType = sourcecode.c.c; path = PJ_ocea.c; sourceTree = "<group>"; };
		4C4B0672167F65E900BE65B8 /* PJ_oea.c */ = {isa = PBXFileReference; fileEncoding = 4; lastKnownFileType = sourcecode.c.c; path = PJ_oea.c; sourceTree = "<group>"; };
		4C4B0673167F65E900BE65B8 /* PJ_omerc.c */ = {isa = PBXFileReference; fileEncoding = 4; lastKnownFileType = sourcecode.c.c; path = PJ_omerc.c; sourceTree = "<group>"; };
		4C4B0674167F65E900BE65B8 /* pj_open_lib.c */ = {isa = PBXFileReference; fileEncoding = 4; lastKnownFileType = sourcecode.c.c; path = pj_open_lib.c; sourceTree = "<group>"; };
		4C4B0675167F65E900BE65B8 /* PJ_ortho.c */ = {isa = PBXFileReference; fileEncoding = 4; lastKnownFileType = sourcecode.c.c; path = PJ_ortho.c; sourceTree = "<group>"; };
		4C4B0676167F65E900BE65B8 /* pj_param.c */ = {isa = PBXFileReference; fileEncoding = 4; lastKnownFileType = sourcecode.c.c; path = pj_param.c; sourceTree = "<group>"; };
		4C4B0677167F65E900BE65B8 /* pj_phi2.c */ = {isa = PBXFileReference; fileEncoding = 4; lastKnownFileType = sourcecode.c.c; path = pj_phi2.c; sourceTree = "<group>"; };
		4C4B0678167F65E900BE65B8 /* PJ_poly.c */ = {isa = PBXFileReference; fileEncoding = 4; lastKnownFileType = sourcecode.c.c; path = PJ_poly.c; sourceTree = "<group>"; };
		4C4B0679167F65E900BE65B8 /* pj_pr_list.c */ = {isa = PBXFileReference; fileEncoding = 4; lastKnownFileType = sourcecode.c.c; path = pj_pr_list.c; sourceTree = "<group>"; };
		4C4B067A167F65E900BE65B8 /* PJ_putp2.c */ = {isa = PBXFileReference; fileEncoding = 4; lastKnownFileType = sourcecode.c.c; path = PJ_putp2.c; sourceTree = "<group>"; };
		4C4B067B167F65E900BE65B8 /* PJ_putp3.c */ = {isa = PBXFileReference; fileEncoding = 4; lastKnownFileType = sourcecode.c.c; path = PJ_putp3.c; sourceTree = "<group>"; };
		4C4B067C167F65E900BE65B8 /* PJ_putp4p.c */ = {isa = PBXFileReference; fileEncoding = 4; lastKnownFileType = sourcecode.c.c; path = PJ_putp4p.c; sourceTree = "<group>"; };
		4C4B067D167F65E900BE65B8 /* PJ_putp5.c */ = {isa = PBXFileReference; fileEncoding = 4; lastKnownFileType = sourcecode.c.c; path = PJ_putp5.c; sourceTree = "<group>"; };
		4C4B067E167F65E900BE65B8 /* PJ_putp6.c */ = {isa = PBXFileReference; fileEncoding = 4; lastKnownFileType = sourcecode.c.c; path = PJ_putp6.c; sourceTree = "<group>"; };
		4C4B067F167F65E900BE65B8 /* pj_qsfn.c */ = {isa = PBXFileReference; fileEncoding = 4; lastKnownFileType = sourcecode.c.c; path = pj_qsfn.c; sourceTree = "<group>"; };
		4C4B0680167F65E900BE65B8 /* pj_release.c */ = {isa = PBXFileReference; fileEncoding = 4; lastKnownFileType = sourcecode.c.c; path = pj_release.c; sourceTree = "<group>"; };
		4C4B0681167F65E900BE65B8 /* PJ_robin.c */ = {isa = PBXFileReference; fileEncoding = 4; lastKnownFileType = sourcecode.c.c; path = PJ_robin.c; sourceTree = "<group>"; };
		4C4B0682167F65E900BE65B8 /* PJ_rpoly.c */ = {isa = PBXFileReference; fileEncoding = 4; lastKnownFileType = sourcecode.c.c; path = PJ_rpoly.c; sourceTree = "<group>"; };
		4C4B0683167F65E900BE65B8 /* PJ_sconics.c */ = {isa = PBXFileReference; fileEncoding = 4; lastKnownFileType = sourcecode.c.c; path = PJ_sconics.c; sourceTree = "<group>"; };
		4C4B0684167F65E900BE65B8 /* PJ_somerc.c */ = {isa = PBXFileReference; fileEncoding = 4; lastKnownFileType = sourcecode.c.c; path = PJ_somerc.c; sourceTree = "<group>"; };
		4C4B0685167F65E900BE65B8 /* PJ_stere.c */ = {isa = PBXFileReference; fileEncoding = 4; lastKnownFileType = sourcecode.c.c; path = PJ_stere.c; sourceTree = "<group>"; };
		4C4B0686167F65E900BE65B8 /* PJ_sterea.c */ = {isa = PBXFileReference; fileEncoding = 4; lastKnownFileType = sourcecode.c.c; path = PJ_sterea.c; sourceTree = "<group>"; };
		4C4B0687167F65E900BE65B8 /* pj_strerrno.c */ = {isa = PBXFileReference; fileEncoding = 4; lastKnownFileType = sourcecode.c.c; path = pj_strerrno.c; sourceTree = "<group>"; };
		4C4B0688167F65E900BE65B8 /* PJ_sts.c */ = {isa = PBXFileReference; fileEncoding = 4; lastKnownFileType = sourcecode.c.c; path = PJ_sts.c; sourceTree = "<group>"; };
		4C4B0689167F65E900BE65B8 /* PJ_tcc.c */ = {isa = PBXFileReference; fileEncoding = 4; lastKnownFileType = sourcecode.c.c; path = PJ_tcc.c; sourceTree = "<group>"; };
		4C4B068A167F65E900BE65B8 /* PJ_tcea.c */ = {isa = PBXFileReference; fileEncoding = 4; lastKnownFileType = sourcecode.c.c; path = PJ_tcea.c; sourceTree = "<group>"; };
		4C4B068B167F65E900BE65B8 /* PJ_tmerc.c */ = {isa = PBXFileReference; fileEncoding = 4; lastKnownFileType = sourcecode.c.c; path = PJ_tmerc.c; sourceTree = "<group>"; };
		4C4B068C167F65E900BE65B8 /* PJ_tpeqd.c */ = {isa = PBXFileReference; fileEncoding = 4; lastKnownFileType = sourcecode.c.c; path = PJ_tpeqd.c; sourceTree = "<group>"; };
		4C4B068D167F65E900BE65B8 /* pj_transform.c */ = {isa = PBXFileReference; fileEncoding = 4; lastKnownFileType = sourcecode.c.c; path = pj_transform.c; sourceTree = "<group>"; };
		4C4B068E167F65E900BE65B8 /* pj_tsfn.c */ = {isa = PBXFileReference; fileEncoding = 4; lastKnownFileType = sourcecode.c.c; path = pj_tsfn.c; sourceTree = "<group>"; };
		4C4B068F167F65E900BE65B8 /* pj_units.c */ = {isa = PBXFileReference; fileEncoding = 4; lastKnownFileType = sourcecode.c.c; path = pj_units.c; sourceTree = "<group>"; };
		4C4B0690167F65E900BE65B8 /* PJ_urm5.c */ = {isa = PBXFileReference; fileEncoding = 4; lastKnownFileType = sourcecode.c.c; path = PJ_urm5.c; sourceTree = "<group>"; };
		4C4B0691167F65E900BE65B8 /* PJ_urmfps.c */ = {isa = PBXFileReference; fileEncoding = 4; lastKnownFileType = sourcecode.c.c; path = PJ_urmfps.c; sourceTree = "<group>"; };
		4C4B0692167F65E900BE65B8 /* pj_utils.c */ = {isa = PBXFileReference; fileEncoding = 4; lastKnownFileType = sourcecode.c.c; path = pj_utils.c; sourceTree = "<group>"; };
		4C4B0693167F65E900BE65B8 /* PJ_vandg.c */ = {isa = PBXFileReference; fileEncoding = 4; lastKnownFileType = sourcecode.c.c; path = PJ_vandg.c; sourceTree = "<group>"; };
		4C4B0694167F65E900BE65B8 /* PJ_vandg2.c */ = {isa = PBXFileReference; fileEncoding = 4; lastKnownFileType = sourcecode.c.c; path = PJ_vandg2.c; sourceTree = "<group>"; };
		4C4B0695167F65E900BE65B8 /* PJ_vandg4.c */ = {isa = PBXFileReference; fileEncoding = 4; lastKnownFileType = sourcecode.c.c; path = PJ_vandg4.c; sourceTree = "<group>"; };
		4C4B0696167F65E900BE65B8 /* PJ_wag2.c */ = {isa = PBXFileReference; fileEncoding = 4; lastKnownFileType = sourcecode.c.c; path = PJ_wag2.c; sourceTree = "<group>"; };
		4C4B0697167F65E900BE65B8 /* PJ_wag3.c */ = {isa = PBXFileReference; fileEncoding = 4; lastKnownFileType = sourcecode.c.c; path = PJ_wag3.c; sourceTree = "<group>"; };
		4C4B0698167F65E900BE65B8 /* PJ_wag7.c */ = {isa = PBXFileReference; fileEncoding = 4; lastKnownFileType = sourcecode.c.c; path = PJ_wag7.c; sourceTree = "<group>"; };
		4C4B0699167F65E900BE65B8 /* PJ_wink1.c */ = {isa = PBXFileReference; fileEncoding = 4; lastKnownFileType = sourcecode.c.c; path = PJ_wink1.c; sourceTree = "<group>"; };
		4C4B069A167F65E900BE65B8 /* PJ_wink2.c */ = {isa = PBXFileReference; fileEncoding = 4; lastKnownFileType = sourcecode.c.c; path = PJ_wink2.c; sourceTree = "<group>"; };
		4C4B069B167F65E900BE65B8 /* pj_zpoly1.c */ = {isa = PBXFileReference; fileEncoding = 4; lastKnownFileType = sourcecode.c.c; path = pj_zpoly1.c; sourceTree = "<group>"; };
		4C4B069C167F65E900BE65B8 /* proj_api.h */ = {isa = PBXFileReference; fileEncoding = 4; lastKnownFileType = sourcecode.c.h; path = proj_api.h; sourceTree = "<group>"; };
		4C4B069D167F65E900BE65B8 /* proj_etmerc.c */ = {isa = PBXFileReference; fileEncoding = 4; lastKnownFileType = sourcecode.c.c; path = proj_etmerc.c; sourceTree = "<group>"; };
		4C4B069E167F65E900BE65B8 /* proj_mdist.c */ = {isa = PBXFileReference; fileEncoding = 4; lastKnownFileType = sourcecode.c.c; path = proj_mdist.c; sourceTree = "<group>"; };
		4C4B069F167F65E900BE65B8 /* proj_rouss.c */ = {isa = PBXFileReference; fileEncoding = 4; lastKnownFileType = sourcecode.c.c; path = proj_rouss.c; sourceTree = "<group>"; };
		4C4B06A0167F65E900BE65B8 /* proj.c */ = {isa = PBXFileReference; fileEncoding = 4; lastKnownFileType = sourcecode.c.c; path = proj.c; sourceTree = "<group>"; };
		4C4B06A1167F65E900BE65B8 /* projects.h */ = {isa = PBXFileReference; fileEncoding = 4; lastKnownFileType = sourcecode.c.h; path = projects.h; sourceTree = "<group>"; };
		4C4B06A2167F65E900BE65B8 /* rtodms.c */ = {isa = PBXFileReference; fileEncoding = 4; lastKnownFileType = sourcecode.c.c; path = rtodms.c; sourceTree = "<group>"; };
		4C4B06A3167F65E900BE65B8 /* vector1.c */ = {isa = PBXFileReference; fileEncoding = 4; lastKnownFileType = sourcecode.c.c; path = vector1.c; sourceTree = "<group>"; };
		4C4B074B167F66C900BE65B8 /* proj_config.h */ = {isa = PBXFileReference; fileEncoding = 4; lastKnownFileType = sourcecode.c.h; path = proj_config.h; sourceTree = "<group>"; };
/* End PBXFileReference section */

/* Begin PBXFrameworksBuildPhase section */
		4C4B05E7167F657B00BE65B8 /* Frameworks */ = {
			isa = PBXFrameworksBuildPhase;
			buildActionMask = 2147483647;
			files = (
				4C4B05EE167F657B00BE65B8 /* Foundation.framework in Frameworks */,
			);
			runOnlyForDeploymentPostprocessing = 0;
		};
/* End PBXFrameworksBuildPhase section */

/* Begin PBXGroup section */
		4C4B05DF167F657B00BE65B8 = {
			isa = PBXGroup;
			children = (
				4C4B05EF167F657B00BE65B8 /* Proj4 */,
				4C4B05EC167F657B00BE65B8 /* Frameworks */,
				4C4B05EB167F657B00BE65B8 /* Products */,
			);
			sourceTree = "<group>";
		};
		4C4B05EB167F657B00BE65B8 /* Products */ = {
			isa = PBXGroup;
			children = (
				4C4B05EA167F657B00BE65B8 /* libProj4.a */,
			);
			name = Products;
			sourceTree = "<group>";
		};
		4C4B05EC167F657B00BE65B8 /* Frameworks */ = {
			isa = PBXGroup;
			children = (
				4C4B05ED167F657B00BE65B8 /* Foundation.framework */,
			);
			name = Frameworks;
			sourceTree = "<group>";
		};
		4C4B05EF167F657B00BE65B8 /* Proj4 */ = {
			isa = PBXGroup;
			children = (
				4C4B05FE167F65E700BE65B8 /* aasincos.c */,
				4C4B05FF167F65E700BE65B8 /* adjlon.c */,
				4C4B0600167F65E700BE65B8 /* bch2bps.c */,
				4C4B0601167F65E700BE65B8 /* bchgen.c */,
				4C4B0602167F65E700BE65B8 /* biveval.c */,
				4C4B0603167F65E700BE65B8 /* cs2cs.c */,
				4C4B0604167F65E700BE65B8 /* dmstor.c */,
				4C4B0605167F65E700BE65B8 /* emess.c */,
				4C4B0606167F65E700BE65B8 /* emess.h */,
				4C4B0607167F65E700BE65B8 /* gen_cheb.c */,
				4C4B0608167F65E700BE65B8 /* geocent.c */,
				4C4B0609167F65E700BE65B8 /* geocent.h */,
				4C4B060A167F65E700BE65B8 /* geod_for.c */,
				4C4B060B167F65E700BE65B8 /* geod_inv.c */,
				4C4B060C167F65E700BE65B8 /* geod_set.c */,
				4C4B060D167F65E700BE65B8 /* geod.c */,
				4C4B060E167F65E700BE65B8 /* geodesic.h */,
				4C4B060F167F65E700BE65B8 /* jniproj.c */,
				4C4B0610167F65E700BE65B8 /* mk_cheby.c */,
				4C4B0611167F65E700BE65B8 /* multistresstest.c */,
				4C4B0612167F65E700BE65B8 /* nad_cvt.c */,
				4C4B0613167F65E700BE65B8 /* nad_init.c */,
				4C4B0614167F65E700BE65B8 /* nad_intr.c */,
				4C4B0615167F65E700BE65B8 /* nad2bin.c */,
				4C4B0616167F65E700BE65B8 /* org_proj4_Projections.h */,
				4C4B0617167F65E700BE65B8 /* p_series.c */,
				4C4B0618167F65E700BE65B8 /* PJ_aea.c */,
				4C4B0619167F65E700BE65B8 /* PJ_aeqd.c */,
				4C4B061A167F65E700BE65B8 /* PJ_airy.c */,
				4C4B061B167F65E700BE65B8 /* PJ_aitoff.c */,
				4C4B061C167F65E700BE65B8 /* pj_apply_gridshift.c */,
				4C4B061D167F65E700BE65B8 /* pj_apply_vgridshift.c */,
				4C4B061E167F65E700BE65B8 /* PJ_august.c */,
				4C4B061F167F65E700BE65B8 /* pj_auth.c */,
				4C4B0620167F65E700BE65B8 /* PJ_bacon.c */,
				4C4B0621167F65E700BE65B8 /* PJ_bipc.c */,
				4C4B0622167F65E700BE65B8 /* PJ_boggs.c */,
				4C4B0623167F65E700BE65B8 /* PJ_bonne.c */,
				4C4B0624167F65E700BE65B8 /* PJ_cass.c */,
				4C4B0625167F65E700BE65B8 /* PJ_cc.c */,
				4C4B0626167F65E700BE65B8 /* PJ_cea.c */,
				4C4B0627167F65E700BE65B8 /* PJ_chamb.c */,
				4C4B0628167F65E800BE65B8 /* PJ_collg.c */,
				4C4B0629167F65E800BE65B8 /* PJ_crast.c */,
				4C4B062A167F65E800BE65B8 /* pj_ctx.c */,
				4C4B062B167F65E800BE65B8 /* pj_datum_set.c */,
				4C4B062C167F65E800BE65B8 /* pj_datums.c */,
				4C4B062D167F65E800BE65B8 /* PJ_denoy.c */,
				4C4B062E167F65E800BE65B8 /* pj_deriv.c */,
				4C4B062F167F65E800BE65B8 /* PJ_eck1.c */,
				4C4B0630167F65E800BE65B8 /* PJ_eck2.c */,
				4C4B0631167F65E800BE65B8 /* PJ_eck3.c */,
				4C4B0632167F65E800BE65B8 /* PJ_eck4.c */,
				4C4B0633167F65E800BE65B8 /* PJ_eck5.c */,
				4C4B0634167F65E800BE65B8 /* pj_ell_set.c */,
				4C4B0635167F65E800BE65B8 /* pj_ellps.c */,
				4C4B0636167F65E800BE65B8 /* PJ_eqc.c */,
				4C4B0637167F65E800BE65B8 /* PJ_eqdc.c */,
				4C4B0638167F65E800BE65B8 /* pj_errno.c */,
				4C4B0639167F65E800BE65B8 /* pj_factors.c */,
				4C4B063A167F65E800BE65B8 /* PJ_fahey.c */,
				4C4B063B167F65E800BE65B8 /* PJ_fouc_s.c */,
				4C4B063C167F65E800BE65B8 /* pj_fwd.c */,
				4C4B063D167F65E800BE65B8 /* PJ_gall.c */,
				4C4B063E167F65E800BE65B8 /* pj_gauss.c */,
				4C4B063F167F65E800BE65B8 /* pj_geocent.c */,
				4C4B0640167F65E800BE65B8 /* PJ_geos.c */,
				4C4B0641167F65E800BE65B8 /* PJ_gins8.c */,
				4C4B0642167F65E800BE65B8 /* PJ_gn_sinu.c */,
				4C4B0643167F65E800BE65B8 /* PJ_gnom.c */,
				4C4B0644167F65E800BE65B8 /* PJ_goode.c */,
				4C4B0645167F65E800BE65B8 /* pj_gridinfo.c */,
				4C4B0646167F65E800BE65B8 /* pj_gridlist.c */,
				4C4B0647167F65E800BE65B8 /* PJ_gstmerc.c */,
				4C4B0648167F65E800BE65B8 /* PJ_hammer.c */,
				4C4B0649167F65E800BE65B8 /* PJ_hatano.c */,
				4C4B064A167F65E800BE65B8 /* PJ_healpix.c */,
				4C4B064B167F65E800BE65B8 /* PJ_igh.c */,
				4C4B064C167F65E800BE65B8 /* PJ_imw_p.c */,
				4C4B064D167F65E800BE65B8 /* pj_init.c */,
				4C4B064E167F65E800BE65B8 /* pj_initcache.c */,
				4C4B064F167F65E800BE65B8 /* pj_inv.c */,
				4C4B0650167F65E800BE65B8 /* PJ_isea.c */,
				4C4B0651167F65E800BE65B8 /* PJ_krovak.c */,
				4C4B0652167F65E800BE65B8 /* PJ_labrd.c */,
				4C4B0653167F65E800BE65B8 /* PJ_laea.c */,
				4C4B0654167F65E800BE65B8 /* PJ_lagrng.c */,
				4C4B0655167F65E800BE65B8 /* PJ_larr.c */,
				4C4B0656167F65E800BE65B8 /* PJ_lask.c */,
				4C4B0657167F65E800BE65B8 /* pj_latlong.c */,
				4C4B0658167F65E800BE65B8 /* PJ_lcc.c */,
				4C4B0659167F65E800BE65B8 /* PJ_lcca.c */,
				4C4B065A167F65E800BE65B8 /* pj_list.c */,
				4C4B065B167F65E800BE65B8 /* pj_list.h */,
				4C4B065C167F65E800BE65B8 /* pj_log.c */,
				4C4B065D167F65E800BE65B8 /* PJ_loxim.c */,
				4C4B065E167F65E800BE65B8 /* PJ_lsat.c */,
				4C4B065F167F65E800BE65B8 /* pj_malloc.c */,
				4C4B0660167F65E800BE65B8 /* PJ_mbt_fps.c */,
				4C4B0661167F65E800BE65B8 /* PJ_mbtfpp.c */,
				4C4B0662167F65E800BE65B8 /* PJ_mbtfpq.c */,
				4C4B0663167F65E800BE65B8 /* PJ_merc.c */,
				4C4B0664167F65E800BE65B8 /* PJ_mill.c */,
				4C4B0665167F65E800BE65B8 /* pj_mlfn.c */,
				4C4B0666167F65E800BE65B8 /* PJ_mod_ster.c */,
				4C4B0667167F65E800BE65B8 /* PJ_moll.c */,
				4C4B0668167F65E800BE65B8 /* pj_msfn.c */,
				4C4B0669167F65E800BE65B8 /* pj_mutex.c */,
				4C4B066A167F65E800BE65B8 /* PJ_natearth.c */,
				4C4B066B167F65E800BE65B8 /* PJ_nell_h.c */,
				4C4B066C167F65E900BE65B8 /* PJ_nell.c */,
				4C4B066D167F65E900BE65B8 /* PJ_nocol.c */,
				4C4B066E167F65E900BE65B8 /* PJ_nsper.c */,
				4C4B066F167F65E900BE65B8 /* PJ_nzmg.c */,
				4C4B0670167F65E900BE65B8 /* PJ_ob_tran.c */,
				4C4B0671167F65E900BE65B8 /* PJ_ocea.c */,
				4C4B0672167F65E900BE65B8 /* PJ_oea.c */,
				4C4B0673167F65E900BE65B8 /* PJ_omerc.c */,
				4C4B0674167F65E900BE65B8 /* pj_open_lib.c */,
				4C4B0675167F65E900BE65B8 /* PJ_ortho.c */,
				4C4B0676167F65E900BE65B8 /* pj_param.c */,
				4C4B0677167F65E900BE65B8 /* pj_phi2.c */,
				4C4B0678167F65E900BE65B8 /* PJ_poly.c */,
				4C4B0679167F65E900BE65B8 /* pj_pr_list.c */,
				4C4B067A167F65E900BE65B8 /* PJ_putp2.c */,
				4C4B067B167F65E900BE65B8 /* PJ_putp3.c */,
				4C4B067C167F65E900BE65B8 /* PJ_putp4p.c */,
				4C4B067D167F65E900BE65B8 /* PJ_putp5.c */,
				4C4B067E167F65E900BE65B8 /* PJ_putp6.c */,
				4C4B067F167F65E900BE65B8 /* pj_qsfn.c */,
				4C4B0680167F65E900BE65B8 /* pj_release.c */,
				4C4B0681167F65E900BE65B8 /* PJ_robin.c */,
				4C4B0682167F65E900BE65B8 /* PJ_rpoly.c */,
				4C4B0683167F65E900BE65B8 /* PJ_sconics.c */,
				4C4B0684167F65E900BE65B8 /* PJ_somerc.c */,
				4C4B0685167F65E900BE65B8 /* PJ_stere.c */,
				4C4B0686167F65E900BE65B8 /* PJ_sterea.c */,
				4C4B0687167F65E900BE65B8 /* pj_strerrno.c */,
				4C4B0688167F65E900BE65B8 /* PJ_sts.c */,
				4C4B0689167F65E900BE65B8 /* PJ_tcc.c */,
				4C4B068A167F65E900BE65B8 /* PJ_tcea.c */,
				4C4B068B167F65E900BE65B8 /* PJ_tmerc.c */,
				4C4B068C167F65E900BE65B8 /* PJ_tpeqd.c */,
				4C4B068D167F65E900BE65B8 /* pj_transform.c */,
				4C4B068E167F65E900BE65B8 /* pj_tsfn.c */,
				4C4B068F167F65E900BE65B8 /* pj_units.c */,
				4C4B0690167F65E900BE65B8 /* PJ_urm5.c */,
				4C4B0691167F65E900BE65B8 /* PJ_urmfps.c */,
				4C4B0692167F65E900BE65B8 /* pj_utils.c */,
				4C4B0693167F65E900BE65B8 /* PJ_vandg.c */,
				4C4B0694167F65E900BE65B8 /* PJ_vandg2.c */,
				4C4B0695167F65E900BE65B8 /* PJ_vandg4.c */,
				4C4B0696167F65E900BE65B8 /* PJ_wag2.c */,
				4C4B0697167F65E900BE65B8 /* PJ_wag3.c */,
				4C4B0698167F65E900BE65B8 /* PJ_wag7.c */,
				4C4B0699167F65E900BE65B8 /* PJ_wink1.c */,
				4C4B069A167F65E900BE65B8 /* PJ_wink2.c */,
				4C4B069B167F65E900BE65B8 /* pj_zpoly1.c */,
				4C4B074B167F66C900BE65B8 /* proj_config.h */,
				4C4B069C167F65E900BE65B8 /* proj_api.h */,
				4C4B069D167F65E900BE65B8 /* proj_etmerc.c */,
				4C4B069E167F65E900BE65B8 /* proj_mdist.c */,
				4C4B069F167F65E900BE65B8 /* proj_rouss.c */,
				4C4B06A0167F65E900BE65B8 /* proj.c */,
				4C4B06A1167F65E900BE65B8 /* projects.h */,
				4C4B06A2167F65E900BE65B8 /* rtodms.c */,
				4C4B06A3167F65E900BE65B8 /* vector1.c */,
				4C4B05F0167F657B00BE65B8 /* Supporting Files */,
			);
			path = Proj4;
			sourceTree = "<group>";
		};
		4C4B05F0167F657B00BE65B8 /* Supporting Files */ = {
			isa = PBXGroup;
			children = (
				4C4B05F1167F657B00BE65B8 /* Proj4-Prefix.pch */,
			);
			name = "Supporting Files";
			sourceTree = "<group>";
		};
/* End PBXGroup section */

/* Begin PBXHeadersBuildPhase section */
		4C4B0743167F662E00BE65B8 /* Headers */ = {
			isa = PBXHeadersBuildPhase;
			buildActionMask = 2147483647;
			files = (
				4C4B0749167F664800BE65B8 /* proj_api.h in Headers */,
				4C4B0744167F663400BE65B8 /* emess.h in Headers */,
				4C4B0745167F663600BE65B8 /* geocent.h in Headers */,
				4C4B0746167F663900BE65B8 /* geodesic.h in Headers */,
				4C4B0747167F663C00BE65B8 /* org_proj4_Projections.h in Headers */,
				4C4B0748167F664400BE65B8 /* pj_list.h in Headers */,
				4C4B074A167F664B00BE65B8 /* projects.h in Headers */,
				4C4B074C167F66C900BE65B8 /* proj_config.h in Headers */,
			);
			runOnlyForDeploymentPostprocessing = 0;
		};
/* End PBXHeadersBuildPhase section */

/* Begin PBXNativeTarget section */
		4C4B05E9167F657B00BE65B8 /* Proj4 */ = {
			isa = PBXNativeTarget;
			buildConfigurationList = 4C4B05F8167F657B00BE65B8 /* Build configuration list for PBXNativeTarget "Proj4" */;
			buildPhases = (
				4C4B0743167F662E00BE65B8 /* Headers */,
				4C4B05E6167F657B00BE65B8 /* Sources */,
				4C4B05E7167F657B00BE65B8 /* Frameworks */,
				4C4B05E8167F657B00BE65B8 /* CopyFiles */,
			);
			buildRules = (
			);
			dependencies = (
			);
			name = Proj4;
			productName = Proj4;
			productReference = 4C4B05EA167F657B00BE65B8 /* libProj4.a */;
			productType = "com.apple.product-type.library.static";
		};
/* End PBXNativeTarget section */

/* Begin PBXProject section */
		4C4B05E1167F657B00BE65B8 /* Project object */ = {
			isa = PBXProject;
			attributes = {
				LastUpgradeCheck = 0450;
				ORGANIZATIONNAME = "Florian Heller";
			};
			buildConfigurationList = 4C4B05E4167F657B00BE65B8 /* Build configuration list for PBXProject "Proj4" */;
			compatibilityVersion = "Xcode 3.2";
			developmentRegion = English;
			hasScannedForEncodings = 0;
			knownRegions = (
				en,
			);
			mainGroup = 4C4B05DF167F657B00BE65B8;
			productRefGroup = 4C4B05EB167F657B00BE65B8 /* Products */;
			projectDirPath = "";
			projectRoot = "";
			targets = (
				4C4B05E9167F657B00BE65B8 /* Proj4 */,
			);
		};
/* End PBXProject section */

/* Begin PBXSourcesBuildPhase section */
		4C4B05E6167F657B00BE65B8 /* Sources */ = {
			isa = PBXSourcesBuildPhase;
			buildActionMask = 2147483647;
			files = (
				4C4B06A4167F65E900BE65B8 /* aasincos.c in Sources */,
				4C4B06A5167F65E900BE65B8 /* adjlon.c in Sources */,
				4C4B06A6167F65E900BE65B8 /* bch2bps.c in Sources */,
				4C4B06A7167F65E900BE65B8 /* bchgen.c in Sources */,
				4C4B06A8167F65E900BE65B8 /* biveval.c in Sources */,
				4C4B06A9167F65E900BE65B8 /* cs2cs.c in Sources */,
				4C4B06AA167F65E900BE65B8 /* dmstor.c in Sources */,
				4C4B06AB167F65E900BE65B8 /* emess.c in Sources */,
				4C4B06AC167F65E900BE65B8 /* gen_cheb.c in Sources */,
				4C4B06AD167F65E900BE65B8 /* geocent.c in Sources */,
				4C4B06AE167F65E900BE65B8 /* geod_for.c in Sources */,
				4C4B06AF167F65E900BE65B8 /* geod_inv.c in Sources */,
				4C4B06B0167F65E900BE65B8 /* geod_set.c in Sources */,
				4C4B06B1167F65E900BE65B8 /* geod.c in Sources */,
				4C4B06B2167F65E900BE65B8 /* jniproj.c in Sources */,
				4C4B06B3167F65E900BE65B8 /* mk_cheby.c in Sources */,
				4C4B06B4167F65E900BE65B8 /* multistresstest.c in Sources */,
				4C4B06B5167F65E900BE65B8 /* nad_cvt.c in Sources */,
				4C4B06B6167F65E900BE65B8 /* nad_init.c in Sources */,
				4C4B06B7167F65E900BE65B8 /* nad_intr.c in Sources */,
				4C4B06B8167F65E900BE65B8 /* nad2bin.c in Sources */,
				4C4B06B9167F65E900BE65B8 /* p_series.c in Sources */,
				4C4B06BA167F65E900BE65B8 /* PJ_aea.c in Sources */,
				4C4B06BB167F65E900BE65B8 /* PJ_aeqd.c in Sources */,
				4C4B06BC167F65E900BE65B8 /* PJ_airy.c in Sources */,
				4C4B06BD167F65E900BE65B8 /* PJ_aitoff.c in Sources */,
				4C4B06BE167F65E900BE65B8 /* pj_apply_gridshift.c in Sources */,
				4C4B06BF167F65E900BE65B8 /* pj_apply_vgridshift.c in Sources */,
				4C4B06C0167F65E900BE65B8 /* PJ_august.c in Sources */,
				4C4B06C1167F65E900BE65B8 /* pj_auth.c in Sources */,
				4C4B06C2167F65E900BE65B8 /* PJ_bacon.c in Sources */,
				4C4B06C3167F65E900BE65B8 /* PJ_bipc.c in Sources */,
				4C4B06C4167F65E900BE65B8 /* PJ_boggs.c in Sources */,
				4C4B06C5167F65E900BE65B8 /* PJ_bonne.c in Sources */,
				4C4B06C6167F65E900BE65B8 /* PJ_cass.c in Sources */,
				4C4B06C7167F65E900BE65B8 /* PJ_cc.c in Sources */,
				4C4B06C8167F65E900BE65B8 /* PJ_cea.c in Sources */,
				4C4B06C9167F65E900BE65B8 /* PJ_chamb.c in Sources */,
				4C4B06CA167F65E900BE65B8 /* PJ_collg.c in Sources */,
				4C4B06CB167F65E900BE65B8 /* PJ_crast.c in Sources */,
				4C4B06CC167F65E900BE65B8 /* pj_ctx.c in Sources */,
				4C4B06CD167F65E900BE65B8 /* pj_datum_set.c in Sources */,
				4C4B06CE167F65E900BE65B8 /* pj_datums.c in Sources */,
				4C4B06CF167F65E900BE65B8 /* PJ_denoy.c in Sources */,
				4C4B06D0167F65E900BE65B8 /* pj_deriv.c in Sources */,
				4C4B06D1167F65E900BE65B8 /* PJ_eck1.c in Sources */,
				4C4B06D2167F65E900BE65B8 /* PJ_eck2.c in Sources */,
				4C4B06D3167F65E900BE65B8 /* PJ_eck3.c in Sources */,
				4C4B06D4167F65E900BE65B8 /* PJ_eck4.c in Sources */,
				4C4B06D5167F65E900BE65B8 /* PJ_eck5.c in Sources */,
				4C4B06D6167F65E900BE65B8 /* pj_ell_set.c in Sources */,
				4C4B06D7167F65E900BE65B8 /* pj_ellps.c in Sources */,
				4C4B06D8167F65E900BE65B8 /* PJ_eqc.c in Sources */,
				4C4B06D9167F65E900BE65B8 /* PJ_eqdc.c in Sources */,
				4C4B06DA167F65E900BE65B8 /* pj_errno.c in Sources */,
				4C4B06DB167F65E900BE65B8 /* pj_factors.c in Sources */,
				4C4B06DC167F65E900BE65B8 /* PJ_fahey.c in Sources */,
				4C4B06DD167F65E900BE65B8 /* PJ_fouc_s.c in Sources */,
				4C4B06DE167F65E900BE65B8 /* pj_fwd.c in Sources */,
				4C4B06DF167F65E900BE65B8 /* PJ_gall.c in Sources */,
				4C4B06E0167F65E900BE65B8 /* pj_gauss.c in Sources */,
				4C4B06E1167F65E900BE65B8 /* pj_geocent.c in Sources */,
				4C4B06E2167F65E900BE65B8 /* PJ_geos.c in Sources */,
				4C4B06E3167F65E900BE65B8 /* PJ_gins8.c in Sources */,
				4C4B06E4167F65E900BE65B8 /* PJ_gn_sinu.c in Sources */,
				4C4B06E5167F65E900BE65B8 /* PJ_gnom.c in Sources */,
				4C4B06E6167F65E900BE65B8 /* PJ_goode.c in Sources */,
				4C4B06E7167F65E900BE65B8 /* pj_gridinfo.c in Sources */,
				4C4B06E8167F65E900BE65B8 /* pj_gridlist.c in Sources */,
				4C4B06E9167F65E900BE65B8 /* PJ_gstmerc.c in Sources */,
				4C4B06EA167F65E900BE65B8 /* PJ_hammer.c in Sources */,
				4C4B06EB167F65E900BE65B8 /* PJ_hatano.c in Sources */,
				4C4B06EC167F65E900BE65B8 /* PJ_healpix.c in Sources */,
				4C4B06ED167F65E900BE65B8 /* PJ_igh.c in Sources */,
				4C4B06EE167F65E900BE65B8 /* PJ_imw_p.c in Sources */,
				4C4B06EF167F65E900BE65B8 /* pj_init.c in Sources */,
				4C4B06F0167F65E900BE65B8 /* pj_initcache.c in Sources */,
				4C4B06F1167F65E900BE65B8 /* pj_inv.c in Sources */,
				4C4B06F2167F65E900BE65B8 /* PJ_isea.c in Sources */,
				4C4B06F3167F65E900BE65B8 /* PJ_krovak.c in Sources */,
				4C4B06F4167F65E900BE65B8 /* PJ_labrd.c in Sources */,
				4C4B06F5167F65E900BE65B8 /* PJ_laea.c in Sources */,
				4C4B06F6167F65E900BE65B8 /* PJ_lagrng.c in Sources */,
				4C4B06F7167F65E900BE65B8 /* PJ_larr.c in Sources */,
				4C4B06F8167F65E900BE65B8 /* PJ_lask.c in Sources */,
				4C4B06F9167F65E900BE65B8 /* pj_latlong.c in Sources */,
				4C4B06FA167F65E900BE65B8 /* PJ_lcc.c in Sources */,
				4C4B06FB167F65E900BE65B8 /* PJ_lcca.c in Sources */,
				4C4B06FC167F65E900BE65B8 /* pj_list.c in Sources */,
				4C4B06FD167F65E900BE65B8 /* pj_log.c in Sources */,
				4C4B06FE167F65E900BE65B8 /* PJ_loxim.c in Sources */,
				4C4B06FF167F65E900BE65B8 /* PJ_lsat.c in Sources */,
				4C4B0700167F65E900BE65B8 /* pj_malloc.c in Sources */,
				4C4B0701167F65E900BE65B8 /* PJ_mbt_fps.c in Sources */,
				4C4B0702167F65E900BE65B8 /* PJ_mbtfpp.c in Sources */,
				4C4B0703167F65E900BE65B8 /* PJ_mbtfpq.c in Sources */,
				4C4B0704167F65E900BE65B8 /* PJ_merc.c in Sources */,
				4C4B0705167F65E900BE65B8 /* PJ_mill.c in Sources */,
				4C4B0706167F65E900BE65B8 /* pj_mlfn.c in Sources */,
				4C4B0707167F65E900BE65B8 /* PJ_mod_ster.c in Sources */,
				4C4B0708167F65E900BE65B8 /* PJ_moll.c in Sources */,
				4C4B0709167F65E900BE65B8 /* pj_msfn.c in Sources */,
				4C4B070A167F65E900BE65B8 /* pj_mutex.c in Sources */,
				4C4B070B167F65E900BE65B8 /* PJ_natearth.c in Sources */,
				4C4B070C167F65E900BE65B8 /* PJ_nell_h.c in Sources */,
				4C4B070D167F65E900BE65B8 /* PJ_nell.c in Sources */,
				4C4B070E167F65E900BE65B8 /* PJ_nocol.c in Sources */,
				4C4B070F167F65E900BE65B8 /* PJ_nsper.c in Sources */,
				4C4B0710167F65E900BE65B8 /* PJ_nzmg.c in Sources */,
				4C4B0711167F65E900BE65B8 /* PJ_ob_tran.c in Sources */,
				4C4B0712167F65E900BE65B8 /* PJ_ocea.c in Sources */,
				4C4B0713167F65E900BE65B8 /* PJ_oea.c in Sources */,
				4C4B0714167F65E900BE65B8 /* PJ_omerc.c in Sources */,
				4C4B0715167F65E900BE65B8 /* pj_open_lib.c in Sources */,
				4C4B0716167F65E900BE65B8 /* PJ_ortho.c in Sources */,
				4C4B0717167F65E900BE65B8 /* pj_param.c in Sources */,
				4C4B0718167F65E900BE65B8 /* pj_phi2.c in Sources */,
				4C4B0719167F65E900BE65B8 /* PJ_poly.c in Sources */,
				4C4B071A167F65E900BE65B8 /* pj_pr_list.c in Sources */,
				4C4B071B167F65E900BE65B8 /* PJ_putp2.c in Sources */,
				4C4B071C167F65E900BE65B8 /* PJ_putp3.c in Sources */,
				4C4B071D167F65E900BE65B8 /* PJ_putp4p.c in Sources */,
				4C4B071E167F65E900BE65B8 /* PJ_putp5.c in Sources */,
				4C4B071F167F65E900BE65B8 /* PJ_putp6.c in Sources */,
				4C4B0720167F65E900BE65B8 /* pj_qsfn.c in Sources */,
				4C4B0721167F65E900BE65B8 /* pj_release.c in Sources */,
				4C4B0722167F65E900BE65B8 /* PJ_robin.c in Sources */,
				4C4B0723167F65E900BE65B8 /* PJ_rpoly.c in Sources */,
				4C4B0724167F65E900BE65B8 /* PJ_sconics.c in Sources */,
				4C4B0725167F65E900BE65B8 /* PJ_somerc.c in Sources */,
				4C4B0726167F65E900BE65B8 /* PJ_stere.c in Sources */,
				4C4B0727167F65E900BE65B8 /* PJ_sterea.c in Sources */,
				4C4B0728167F65E900BE65B8 /* pj_strerrno.c in Sources */,
				4C4B0729167F65E900BE65B8 /* PJ_sts.c in Sources */,
				4C4B072A167F65E900BE65B8 /* PJ_tcc.c in Sources */,
				4C4B072B167F65E900BE65B8 /* PJ_tcea.c in Sources */,
				4C4B072C167F65E900BE65B8 /* PJ_tmerc.c in Sources */,
				4C4B072D167F65E900BE65B8 /* PJ_tpeqd.c in Sources */,
				4C4B072E167F65E900BE65B8 /* pj_transform.c in Sources */,
				4C4B072F167F65E900BE65B8 /* pj_tsfn.c in Sources */,
				4C4B0730167F65E900BE65B8 /* pj_units.c in Sources */,
				4C4B0731167F65E900BE65B8 /* PJ_urm5.c in Sources */,
				4C4B0732167F65E900BE65B8 /* PJ_urmfps.c in Sources */,
				4C4B0733167F65E900BE65B8 /* pj_utils.c in Sources */,
				4C4B0734167F65E900BE65B8 /* PJ_vandg.c in Sources */,
				4C4B0735167F65E900BE65B8 /* PJ_vandg2.c in Sources */,
				4C4B0736167F65E900BE65B8 /* PJ_vandg4.c in Sources */,
				4C4B0737167F65E900BE65B8 /* PJ_wag2.c in Sources */,
				4C4B0738167F65E900BE65B8 /* PJ_wag3.c in Sources */,
				4C4B0739167F65E900BE65B8 /* PJ_wag7.c in Sources */,
				4C4B073A167F65E900BE65B8 /* PJ_wink1.c in Sources */,
				4C4B073B167F65E900BE65B8 /* PJ_wink2.c in Sources */,
				4C4B073C167F65E900BE65B8 /* pj_zpoly1.c in Sources */,
				4C4B073D167F65E900BE65B8 /* proj_etmerc.c in Sources */,
				4C4B073E167F65E900BE65B8 /* proj_mdist.c in Sources */,
				4C4B073F167F65E900BE65B8 /* proj_rouss.c in Sources */,
				4C4B0740167F65E900BE65B8 /* proj.c in Sources */,
				4C4B0741167F65E900BE65B8 /* rtodms.c in Sources */,
				4C4B0742167F65E900BE65B8 /* vector1.c in Sources */,
			);
			runOnlyForDeploymentPostprocessing = 0;
		};
/* End PBXSourcesBuildPhase section */

/* Begin XCBuildConfiguration section */
		4C4B05F6167F657B00BE65B8 /* Debug */ = {
			isa = XCBuildConfiguration;
			buildSettings = {
				ALWAYS_SEARCH_USER_PATHS = NO;
				CLANG_CXX_LANGUAGE_STANDARD = "gnu++0x";
				CLANG_CXX_LIBRARY = "libc++";
				CLANG_WARN_EMPTY_BODY = YES;
				CLANG_WARN__DUPLICATE_METHOD_MATCH = YES;
				COPY_PHASE_STRIP = NO;
				GCC_C_LANGUAGE_STANDARD = gnu99;
				GCC_DYNAMIC_NO_PIC = NO;
				GCC_OPTIMIZATION_LEVEL = 0;
				GCC_PREPROCESSOR_DEFINITIONS = (
					"DEBUG=1",
					"$(inherited)",
				);
				GCC_SYMBOLS_PRIVATE_EXTERN = NO;
				GCC_WARN_ABOUT_RETURN_TYPE = YES;
				GCC_WARN_UNINITIALIZED_AUTOS = YES;
				GCC_WARN_UNUSED_VARIABLE = YES;
				IPHONEOS_DEPLOYMENT_TARGET = 4.3;
				ONLY_ACTIVE_ARCH = NO;
				SDKROOT = iphoneos;
				VALID_ARCHS = "armv7 armv7s i386";
			};
			name = Debug;
		};
		4C4B05F7167F657B00BE65B8 /* Release */ = {
			isa = XCBuildConfiguration;
			buildSettings = {
				ALWAYS_SEARCH_USER_PATHS = NO;
				CLANG_CXX_LANGUAGE_STANDARD = "gnu++0x";
				CLANG_CXX_LIBRARY = "libc++";
				CLANG_WARN_EMPTY_BODY = YES;
				CLANG_WARN__DUPLICATE_METHOD_MATCH = YES;
				COPY_PHASE_STRIP = YES;
				GCC_C_LANGUAGE_STANDARD = gnu99;
				GCC_WARN_ABOUT_RETURN_TYPE = YES;
				GCC_WARN_UNINITIALIZED_AUTOS = YES;
				GCC_WARN_UNUSED_VARIABLE = YES;
				IPHONEOS_DEPLOYMENT_TARGET = 4.3;
				ONLY_ACTIVE_ARCH = NO;
				SDKROOT = iphoneos;
				VALIDATE_PRODUCT = YES;
				VALID_ARCHS = "armv7 armv7s i386";
			};
			name = Release;
		};
		4C4B05F9167F657B00BE65B8 /* Debug */ = {
			isa = XCBuildConfiguration;
			buildSettings = {
				COPY_PHASE_STRIP = NO;
				DEAD_CODE_STRIPPING = NO;
				DSTROOT = /tmp/Proj4.dst;
				GCC_PRECOMPILE_PREFIX_HEADER = YES;
				GCC_PREFIX_HEADER = "Proj4/Proj4-Prefix.pch";
				ONLY_ACTIVE_ARCH = NO;
				OTHER_LDFLAGS = "-ObjC";
				PRODUCT_NAME = "$(TARGET_NAME)";
				SKIP_INSTALL = YES;
				STRIP_STYLE = "non-global";
				VALID_ARCHS = "armv7 armv7s i386";
			};
			name = Debug;
		};
		4C4B05FA167F657B00BE65B8 /* Release */ = {
			isa = XCBuildConfiguration;
			buildSettings = {
				COPY_PHASE_STRIP = NO;
				DEAD_CODE_STRIPPING = NO;
				DSTROOT = /tmp/Proj4.dst;
				GCC_PRECOMPILE_PREFIX_HEADER = YES;
				GCC_PREFIX_HEADER = "Proj4/Proj4-Prefix.pch";
				ONLY_ACTIVE_ARCH = NO;
				OTHER_LDFLAGS = "-ObjC";
				PRODUCT_NAME = "$(TARGET_NAME)";
				SKIP_INSTALL = YES;
				STRIP_STYLE = "non-global";
				VALID_ARCHS = "armv7 armv7s i386";
			};
			name = Release;
		};
/* End XCBuildConfiguration section */

/* Begin XCConfigurationList section */
		4C4B05E4167F657B00BE65B8 /* Build configuration list for PBXProject "Proj4" */ = {
			isa = XCConfigurationList;
			buildConfigurations = (
				4C4B05F6167F657B00BE65B8 /* Debug */,
				4C4B05F7167F657B00BE65B8 /* Release */,
			);
			defaultConfigurationIsVisible = 0;
			defaultConfigurationName = Release;
		};
		4C4B05F8167F657B00BE65B8 /* Build configuration list for PBXNativeTarget "Proj4" */ = {
			isa = XCConfigurationList;
			buildConfigurations = (
				4C4B05F9167F657B00BE65B8 /* Debug */,
				4C4B05FA167F657B00BE65B8 /* Release */,
			);
			defaultConfigurationIsVisible = 0;
			defaultConfigurationName = Release;
		};
/* End XCConfigurationList section */
	};
	rootObject = 4C4B05E1167F657B00BE65B8 /* Project object */;
}
